// !$*UTF8*$!
{
	archiveVersion = 1;
	classes = {
	};
	objectVersion = 77;
	objects = {

/* Begin PBXBuildFile section */
		000C4E3A3887C09E0FFCD928 /* GetCollectionResponse.swift in Sources */ = {isa = PBXBuildFile; fileRef = AC9570E9D90E3E93CB9B42E0 /* GetCollectionResponse.swift */; };
		03B3BC75024FA5240473F1BE /* SearchDiscogsRequest.swift in Sources */ = {isa = PBXBuildFile; fileRef = 661E67B838E9264095D18ECD /* SearchDiscogsRequest.swift */; };
		084597A294F441634FEE2F6C /* ImageUtility.swift in Sources */ = {isa = PBXBuildFile; fileRef = BBB5C73BC1F3892822622C3F /* ImageUtility.swift */; };
		0DCF6D83D4E418A272BF3945 /* DeleteRecordRequest.swift in Sources */ = {isa = PBXBuildFile; fileRef = D038E2F407B3EEDB399AB578 /* DeleteRecordRequest.swift */; };
		0DE26A1784297EB0C87F15D3 /* DeleteRecordResponse.swift in Sources */ = {isa = PBXBuildFile; fileRef = B859D8573200C1607EC8CEB1 /* DeleteRecordResponse.swift */; };
		0E6992B67DA8F8A376DF6A23 /* DiscogsSearchAPITypes.swift in Sources */ = {isa = PBXBuildFile; fileRef = C83654EA79CC88DEEE2B3DFC /* DiscogsSearchAPITypes.swift */; };
		0F332116DF1B3ABE29C5274C /* IdentifyRecordResponse.swift in Sources */ = {isa = PBXBuildFile; fileRef = 0BDFCB0D2ADC30B7EF0726D8 /* IdentifyRecordResponse.swift */; };
		129107A22631E37C855F7C05 /* ParseIdentificationResponse.swift in Sources */ = {isa = PBXBuildFile; fileRef = 79B753DFB03B5216FBF46F3C /* ParseIdentificationResponse.swift */; };
		1664B3881D2A8AA54589D299 /* SearchDiscogsResponse.swift in Sources */ = {isa = PBXBuildFile; fileRef = B7C35F1014043E1BEB7E4185 /* SearchDiscogsResponse.swift */; };
		17163B4272A90C4F42F6D640 /* RecordDetailViewModel.swift in Sources */ = {isa = PBXBuildFile; fileRef = 45C8E0BD9D5B3FC51906BCEE /* RecordDetailViewModel.swift */; };
		190ED26B7B6F00BA66373E20 /* IStatisticsManager.swift in Sources */ = {isa = PBXBuildFile; fileRef = D13C344129828CED95615B2E /* IStatisticsManager.swift */; };
		1F292DF2D187B55352F0850B /* CollectionViewModel.swift in Sources */ = {isa = PBXBuildFile; fileRef = E1FE0822D5F9B071B8007C13 /* CollectionViewModel.swift */; };
		1FB4A416651B801B02AA199D /* ResponseBase.swift in Sources */ = {isa = PBXBuildFile; fileRef = 06D95F9833D37F6B8B556D23 /* ResponseBase.swift */; };
		20335675B75D3642F1A2801E /* LoadDiscogsReleaseResponse.swift in Sources */ = {isa = PBXBuildFile; fileRef = CA4CFFD51350297BA2837CD1 /* LoadDiscogsReleaseResponse.swift */; };
		225EDE5E13B380AC562A77EB /* PhotoAccessor.swift in Sources */ = {isa = PBXBuildFile; fileRef = B0563FEE90FE08F174CF655B /* PhotoAccessor.swift */; };
		2586443676E8B1C1071990DD /* LoadAllRecordsHandler.swift in Sources */ = {isa = PBXBuildFile; fileRef = 1DADBC594453119CCF3FD87E /* LoadAllRecordsHandler.swift */; };
		25E4C285D6BBFEE2335ED249 /* IMetadataEngine.swift in Sources */ = {isa = PBXBuildFile; fileRef = BD80CC94B82FCC8221C8C918 /* IMetadataEngine.swift */; };
		29C56A81C19611DEAD7570A0 /* ParseIdentificationHandler.swift in Sources */ = {isa = PBXBuildFile; fileRef = 0E3A2B8F79859F31AF4BC500 /* ParseIdentificationHandler.swift */; };
		2E095B514C7B91BE212C435B /* AddRecordResponse.swift in Sources */ = {isa = PBXBuildFile; fileRef = 4CFDF798BC96B0F07CABA548 /* AddRecordResponse.swift */; };
		2E6AD59BE1457E2B1744D775 /* IIdentificationEngine.swift in Sources */ = {isa = PBXBuildFile; fileRef = 81CA617C1F5205E21B2D8AF2 /* IIdentificationEngine.swift */; };
		2F5088741E81E38432C400B9 /* CollectionView.swift in Sources */ = {isa = PBXBuildFile; fileRef = 135034EE4C31E382300F009B /* CollectionView.swift */; };
		3287D1C7B4131DA83EFAD92E /* AttachPhotoRequest.swift in Sources */ = {isa = PBXBuildFile; fileRef = D8EA51EC7ABBA14824B2A175 /* AttachPhotoRequest.swift */; };
		33CC08D2D5D602758E15EC21 /* MergeMetadataHandlerTests.swift in Sources */ = {isa = PBXBuildFile; fileRef = 786E03A92819F582234B3EEE /* MergeMetadataHandlerTests.swift */; };
		3963C6DBBD05B8886987DCF6 /* CameraView.swift in Sources */ = {isa = PBXBuildFile; fileRef = AA21533F48107E642433F39C /* CameraView.swift */; };
		3E89DAFA1FB9C7F912B4D6B8 /* SavePhotoResponse.swift in Sources */ = {isa = PBXBuildFile; fileRef = 3A82B99B69280558B0F86D01 /* SavePhotoResponse.swift */; };
		3FC9DF3A73A8429CF619C117 /* RecordRowView.swift in Sources */ = {isa = PBXBuildFile; fileRef = 376BD682EF0A32F05F7B81AD /* RecordRowView.swift */; };
		42D3E3C06E026E4ECE0F0635 /* SaveRecordResponse.swift in Sources */ = {isa = PBXBuildFile; fileRef = 368E3335F64B08266B9E5929 /* SaveRecordResponse.swift */; };
		455226A7F5BA101FCE5DAE84 /* DeleteRecordHandler.swift in Sources */ = {isa = PBXBuildFile; fileRef = AD84213E43426FD3F3E35DCF /* DeleteRecordHandler.swift */; };
		456147B82AB527CD1728FA04 /* NetworkUtility.swift in Sources */ = {isa = PBXBuildFile; fileRef = EBE581BE3905A08C21C2137B /* NetworkUtility.swift */; };
		46CB7C580CF072C80DC4CF0C /* GetStatisticsHandler.swift in Sources */ = {isa = PBXBuildFile; fileRef = 65094BF616D82716BDC79B02 /* GetStatisticsHandler.swift */; };
		49D2070E4C630FE43A1DF5D7 /* LoadPhotoHandler.swift in Sources */ = {isa = PBXBuildFile; fileRef = 8F685267E648F25D888E51EB /* LoadPhotoHandler.swift */; };
		4B347C10EBC7E8CD3041A6E5 /* DiscogsAccessor.swift in Sources */ = {isa = PBXBuildFile; fileRef = 61395A552D07BF5D2C101E37 /* DiscogsAccessor.swift */; };
		4E8F80106FBEC06C8E42CBBA /* APIConfiguration.swift in Sources */ = {isa = PBXBuildFile; fileRef = 67DCF6C48100780F957F3FFE /* APIConfiguration.swift */; };
		4EE5F7BDCAAEA3BAA05D5EAE /* GetStatisticsResponse.swift in Sources */ = {isa = PBXBuildFile; fileRef = C11E6497E8179E5580687C2C /* GetStatisticsResponse.swift */; };
		5075C3F763D508EEC6B11D21 /* MetadataEngine.swift in Sources */ = {isa = PBXBuildFile; fileRef = 6BCEC5CF4A13CD1EFE303DA9 /* MetadataEngine.swift */; };
		526319C444A8E9C33E4C5498 /* LoadAllRecordsRequest.swift in Sources */ = {isa = PBXBuildFile; fileRef = 4342DDDFA0F8E376AD04ACB1 /* LoadAllRecordsRequest.swift */; };
		532C2513D0FFD5C0A26D6CCE /* RecordPhoto.swift in Sources */ = {isa = PBXBuildFile; fileRef = 8DB789699A65A2EC60E3063C /* RecordPhoto.swift */; };
		56143D24EF768C3FCD9A9E99 /* ContentView.swift in Sources */ = {isa = PBXBuildFile; fileRef = 9E748A9313B73DE97E3A826B /* ContentView.swift */; };
		567DD81E208F95F4B027E728 /* StatisticsViewModel.swift in Sources */ = {isa = PBXBuildFile; fileRef = BB143DDC99997F5DC5BDD046 /* StatisticsViewModel.swift */; };
		568B326FB6EA24070347D20A /* EditRecordHandler.swift in Sources */ = {isa = PBXBuildFile; fileRef = E4E844EE09E77FC91692230C /* EditRecordHandler.swift */; };
		57C6F4D6BE1B154B46E1581A /* AddRecordViewModel.swift in Sources */ = {isa = PBXBuildFile; fileRef = 3D85B74971389D71FD24442F /* AddRecordViewModel.swift */; };
		593A48F613EBAF75EC2206A8 /* AttachPhotoResponse.swift in Sources */ = {isa = PBXBuildFile; fileRef = 41C1D1945D913CBBD42E9147 /* AttachPhotoResponse.swift */; };
		59ABEF99408A77930A252A3E /* ComputeStatisticsHandler.swift in Sources */ = {isa = PBXBuildFile; fileRef = 563B1AF7CFFD5610EF358343 /* ComputeStatisticsHandler.swift */; };
		5A0E21AA24363B0E6CBB6251 /* ComputeStatisticsResponse.swift in Sources */ = {isa = PBXBuildFile; fileRef = F5173C6D3F45C17EC9E5B560 /* ComputeStatisticsResponse.swift */; };
		5A1877AC285BFC8EF0222719 /* StringUtilityTests.swift in Sources */ = {isa = PBXBuildFile; fileRef = 10B3CBA0E07F7A0EB40A0BF4 /* StringUtilityTests.swift */; };
		5AB9834C12FCCF237C849611 /* BarcodeView.swift in Sources */ = {isa = PBXBuildFile; fileRef = 22704454C236B06F0FF7D6CA /* BarcodeView.swift */; };
		5C866430237A00AB9351F4C8 /* DeletePhotoHandler.swift in Sources */ = {isa = PBXBuildFile; fileRef = EC9D4A992199BD7F7707AD8E /* DeletePhotoHandler.swift */; };
		5D847DC9D85AA21AB73A7CD2 /* DiscogsPickerView.swift in Sources */ = {isa = PBXBuildFile; fileRef = 4C7B09706AEBDE0761A841F6 /* DiscogsPickerView.swift */; };
		5E56F30C05651A45FE85AA3C /* RemoveRecordHandler.swift in Sources */ = {isa = PBXBuildFile; fileRef = A69D7D9FDC772D9B8C2E253B /* RemoveRecordHandler.swift */; };
		5EB1BE185477343DC7AFA67C /* GetStatisticsRequest.swift in Sources */ = {isa = PBXBuildFile; fileRef = 15CC61E8070114B52A574BFC /* GetStatisticsRequest.swift */; };
		5FAC50CA5A65F68373390CBC /* AddRecordHandler.swift in Sources */ = {isa = PBXBuildFile; fileRef = CA662ED35C936694552F7C86 /* AddRecordHandler.swift */; };
		651844C06920CB7214D543E4 /* AddRecordRequest.swift in Sources */ = {isa = PBXBuildFile; fileRef = 1A9D8531D42842ED39700EFA /* AddRecordRequest.swift */; };
		68F3F66A72D53AADC2F7232A /* GetCollectionHandler.swift in Sources */ = {isa = PBXBuildFile; fileRef = 2FFF91631E42052A35771BD2 /* GetCollectionHandler.swift */; };
		69295B09ED2115C2961D0343 /* MergeMetadataRequest.swift in Sources */ = {isa = PBXBuildFile; fileRef = 17FA8E1748CDC93C9F21BBD4 /* MergeMetadataRequest.swift */; };
		69F68682BDE61BBEC4F5741E /* StatisticsEngine.swift in Sources */ = {isa = PBXBuildFile; fileRef = 020C9175D87CEF435592AD24 /* StatisticsEngine.swift */; };
		6A9F1997CE2A429EF78AE27B /* CoverCropView.swift in Sources */ = {isa = PBXBuildFile; fileRef = 171FF6F4AA234AE9A27717F7 /* CoverCropView.swift */; };
		6FF957672AE756F19B8F7111 /* MergeMetadataHandler.swift in Sources */ = {isa = PBXBuildFile; fileRef = 64229DE83F98A53FE127EA30 /* MergeMetadataHandler.swift */; };
		715964164EC0AF1E592B6414 /* IAIVisionAccessor.swift in Sources */ = {isa = PBXBuildFile; fileRef = 10F89ACE1A26AC20BF7F0068 /* IAIVisionAccessor.swift */; };
		72645F7A9752BF12CF644EB0 /* SearchRecordResponse.swift in Sources */ = {isa = PBXBuildFile; fileRef = A4549E9C96840B7F76A357DA /* SearchRecordResponse.swift */; };
		74B38E942F7C3885EA4EEA73 /* IRecordAccessor.swift in Sources */ = {isa = PBXBuildFile; fileRef = 511DA77A90DF24F80043AD6E /* IRecordAccessor.swift */; };
		7792BAC2C8BA7B2036A7CF41 /* FilteredRecordListView.swift in Sources */ = {isa = PBXBuildFile; fileRef = 9677E420FC576647EE57BD30 /* FilteredRecordListView.swift */; };
		79187E7B33F255773ED56BAC /* StringUtility.swift in Sources */ = {isa = PBXBuildFile; fileRef = B84680D05331B8030A9D113A /* StringUtility.swift */; };
		7C11A40616F04F338350D9EA /* RecordManager.swift in Sources */ = {isa = PBXBuildFile; fileRef = 3D49AA722C59CEDE3317883F /* RecordManager.swift */; };
		7E93CC893B03D69940F1A98D /* IRecordManager.swift in Sources */ = {isa = PBXBuildFile; fileRef = 6BF5F87754EA375EB1E3DBED /* IRecordManager.swift */; };
		84A77F6C702B612293DCACAB /* GetRecordHandler.swift in Sources */ = {isa = PBXBuildFile; fileRef = AF781AFD3BDD52E0F48460CB /* GetRecordHandler.swift */; };
		86CA015D33B17732AA978D6C /* IStatisticsEngine.swift in Sources */ = {isa = PBXBuildFile; fileRef = A2561B969D8E6AA0817B908E /* IStatisticsEngine.swift */; };
		8D74C5714B42ACD9078D473C /* SearchDiscogsHandler.swift in Sources */ = {isa = PBXBuildFile; fileRef = 56981A425ACC8EF5A62B02FC /* SearchDiscogsHandler.swift */; };
		8E35CE055D1CF11E8E7F5A77 /* IPhotoAccessor.swift in Sources */ = {isa = PBXBuildFile; fileRef = AA154C5660378F7832795F0C /* IPhotoAccessor.swift */; };
		93F4C1F99CA3BFDFCAB23B02 /* DeletePhotoRequest.swift in Sources */ = {isa = PBXBuildFile; fileRef = 1EF14D17F355B8CB31FADCA4 /* DeletePhotoRequest.swift */; };
		95497BA6B96DFC7DA57EFACC /* IdentifyRecordRequest.swift in Sources */ = {isa = PBXBuildFile; fileRef = 10D8DBE48FAF9BCF9A1FF242 /* IdentifyRecordRequest.swift */; };
		95A009A54CA162435EEE2E75 /* RecordDetailView.swift in Sources */ = {isa = PBXBuildFile; fileRef = E664B0E6C557C94AE9F9DB9B /* RecordDetailView.swift */; };
		9744439274E89D0EDA8FDC05 /* LoadDiscogsReleaseHandler.swift in Sources */ = {isa = PBXBuildFile; fileRef = 3C8F4B8F5439A4C2CB97AD19 /* LoadDiscogsReleaseHandler.swift */; };
		9B9020DF9F21CECD73F4DA21 /* ParseIdentificationRequest.swift in Sources */ = {isa = PBXBuildFile; fileRef = 5162AAF6523673DC6E41FA9F /* ParseIdentificationRequest.swift */; };
		9C1D54312596A1227ED86EB7 /* LoadPhotoResponse.swift in Sources */ = {isa = PBXBuildFile; fileRef = 21F42FFB396C4AE5B0A05607 /* LoadPhotoResponse.swift */; };
		A136860C7D36776CA941086D /* SaveRecordHandler.swift in Sources */ = {isa = PBXBuildFile; fileRef = 65C42C294071FE0113905056 /* SaveRecordHandler.swift */; };
		A2086AEBF43418FE31EB815E /* StatisticsManager.swift in Sources */ = {isa = PBXBuildFile; fileRef = 54866D596E6B1AD651920A41 /* StatisticsManager.swift */; };
		A2CAF46171F3515ED7DB0545 /* GetRecordRequest.swift in Sources */ = {isa = PBXBuildFile; fileRef = 21F7545742340ECFEC277A44 /* GetRecordRequest.swift */; };
		A2CC1BFF9C7BD7A59264B5DE /* RequestBase.swift in Sources */ = {isa = PBXBuildFile; fileRef = 3AC4AAE536D16F529239EDDE /* RequestBase.swift */; };
		A41209BA335C5EF673FD0883 /* SavePhotoHandler.swift in Sources */ = {isa = PBXBuildFile; fileRef = 0C473021FA931C59E47A6C6D /* SavePhotoHandler.swift */; };
		A4DE0E470897C3C2487054C0 /* SearchRecordRequest.swift in Sources */ = {isa = PBXBuildFile; fileRef = 496B3194B84E56D25EE0FD4F /* SearchRecordRequest.swift */; };
		AAA971E193A7CFE062EDAAC8 /* IDiscogsAccessor.swift in Sources */ = {isa = PBXBuildFile; fileRef = C98C6E39A43F57F797EC4ECC /* IDiscogsAccessor.swift */; };
		AC649E8953ABF995028A00A9 /* RecordAccessor.swift in Sources */ = {isa = PBXBuildFile; fileRef = 9464C44B5257BCFBC579D102 /* RecordAccessor.swift */; };
		AD593FA3AA776C9F2761962D /* GetCollectionRequest.swift in Sources */ = {isa = PBXBuildFile; fileRef = 43991E1A77EC7A0E2A173CC7 /* GetCollectionRequest.swift */; };
		B0B3F43541E23C614F696EDE /* LoadDiscogsReleaseRequest.swift in Sources */ = {isa = PBXBuildFile; fileRef = 3C71E299DD6DBD2D833F6A81 /* LoadDiscogsReleaseRequest.swift */; };
		B640C38921007398260D8187 /* SavePhotoRequest.swift in Sources */ = {isa = PBXBuildFile; fileRef = 6F74E36D5DC38A964ABDEFCC /* SavePhotoRequest.swift */; };
		B7453B826C99376119111F6E /* SearchDiscogsByBarcodeRequest.swift in Sources */ = {isa = PBXBuildFile; fileRef = 62977B0F14E3B2A4558E5425 /* SearchDiscogsByBarcodeRequest.swift */; };
		BCC7D3B46CD858BF7DFDBF22 /* EditRecordResponse.swift in Sources */ = {isa = PBXBuildFile; fileRef = 2F2D05288044ACEA7A63B6E7 /* EditRecordResponse.swift */; };
		BDDEBE4707F477D18888510E /* LoadRecordHandler.swift in Sources */ = {isa = PBXBuildFile; fileRef = F2B4D392DBD1D69B707D7524 /* LoadRecordHandler.swift */; };
		BF4645FDBD57EDEEE71BAD03 /* AIVisionAccessor.swift in Sources */ = {isa = PBXBuildFile; fileRef = 1B0BF3F8EF0C3521B8CBA6B6 /* AIVisionAccessor.swift */; };
		C105C04AD659D493CAE97C29 /* ParseIdentificationHandlerTests.swift in Sources */ = {isa = PBXBuildFile; fileRef = B430DED88C1819D96011AD76 /* ParseIdentificationHandlerTests.swift */; };
		C61EA816E7C5D870623DFA0E /* IdentificationEngine.swift in Sources */ = {isa = PBXBuildFile; fileRef = 9ECE280458A7CA761563FC4B /* IdentificationEngine.swift */; };
		C7FA90C915F4D70400445C29 /* LoadRecordResponse.swift in Sources */ = {isa = PBXBuildFile; fileRef = CE4A78F92547A7A8DA92997A /* LoadRecordResponse.swift */; };
		C89B7E32B21D437225CC9EBC /* VinylCollectorApp.swift in Sources */ = {isa = PBXBuildFile; fileRef = A916FB59A2226B8CEB02A2AC /* VinylCollectorApp.swift */; };
		CD1814973706E7363D2DF78C /* Assets.xcassets in Resources */ = {isa = PBXBuildFile; fileRef = 9CDDD71BAC1D7F625ECA3082 /* Assets.xcassets */; };
		D018BB434853AA87FC3B8F86 /* LoadRecordRequest.swift in Sources */ = {isa = PBXBuildFile; fileRef = 492B5FBC0E4945A8B03D545D /* LoadRecordRequest.swift */; };
		D17792FB8544970535BC676D /* RemoveRecordResponse.swift in Sources */ = {isa = PBXBuildFile; fileRef = EACD7F01C6E121DD02667620 /* RemoveRecordResponse.swift */; };
		D2838BDDD9C8C51EF7DCF42E /* EditRecordRequest.swift in Sources */ = {isa = PBXBuildFile; fileRef = DC87C8D4B19ACD1693975449 /* EditRecordRequest.swift */; };
		D325784A78F1F217ED52FE7A /* DeletePhotoResponse.swift in Sources */ = {isa = PBXBuildFile; fileRef = C93C380FADCC2D357BE36EA7 /* DeletePhotoResponse.swift */; };
		D475778D3F89FB0DDD047637 /* SearchDiscogsByBarcodeHandler.swift in Sources */ = {isa = PBXBuildFile; fileRef = 9F8FF53777AD2E7E44C65A46 /* SearchDiscogsByBarcodeHandler.swift */; };
		DA246D8C72274869ADC04F76 /* AddRecordView.swift in Sources */ = {isa = PBXBuildFile; fileRef = 469B375CB21A29008E850D86 /* AddRecordView.swift */; };
		DBC9752A69CB19274B70707A /* RemoveRecordRequest.swift in Sources */ = {isa = PBXBuildFile; fileRef = 326A133D8F459172C530CCBA /* RemoveRecordRequest.swift */; };
		DD94565DA49DD1301DE9AB06 /* View+ErrorAlert.swift in Sources */ = {isa = PBXBuildFile; fileRef = 01B60AF004C87C441E219687 /* View+ErrorAlert.swift */; };
		E0F9469E556AEB15166A1A78 /* HandlerResolver.swift in Sources */ = {isa = PBXBuildFile; fileRef = C54A6E9B9C1CAB061D7FB9F5 /* HandlerResolver.swift */; };
		E1804CB4CC49D7329658DE1D /* StatisticsView.swift in Sources */ = {isa = PBXBuildFile; fileRef = 578C02F196F9E39AF96EEAA3 /* StatisticsView.swift */; };
		E1C8BF3DB340E143F8C1D15A /* AttachPhotoHandler.swift in Sources */ = {isa = PBXBuildFile; fileRef = EEFF58277BE9881E6A80FCAE /* AttachPhotoHandler.swift */; };
		E2A5EDFBE6964D4E97185FE3 /* MergeMetadataResponse.swift in Sources */ = {isa = PBXBuildFile; fileRef = AEB0B050AA797840E1B716A5 /* MergeMetadataResponse.swift */; };
		E5F09E7EF9D50057D3568789 /* LogUtility.swift in Sources */ = {isa = PBXBuildFile; fileRef = D0457282A617A6A788A93837 /* LogUtility.swift */; };
		E6891C49ACE8B007CD736CCB /* LoadPhotoRequest.swift in Sources */ = {isa = PBXBuildFile; fileRef = FCE7A36C829015DCCCEA4DB6 /* LoadPhotoRequest.swift */; };
		E77008D3D3B213228D6D92D5 /* IdentifyRecordHandler.swift in Sources */ = {isa = PBXBuildFile; fileRef = 0F5DAA13A9636BDDDE4C6A71 /* IdentifyRecordHandler.swift */; };
		E9CC576B32C7B4C29092E9C0 /* ModelContext+FetchById.swift in Sources */ = {isa = PBXBuildFile; fileRef = AB0AA13FE78B56D7B976038C /* ModelContext+FetchById.swift */; };
		EA7F652EBF63C8B4F25B1966 /* SearchRecordHandler.swift in Sources */ = {isa = PBXBuildFile; fileRef = E478AAF824111BF170B04976 /* SearchRecordHandler.swift */; };
		F1C60841548F30793AF7C0EF /* ComputeStatisticsRequest.swift in Sources */ = {isa = PBXBuildFile; fileRef = 62BBB1DBE43CF8650CC6BA6F /* ComputeStatisticsRequest.swift */; };
		F3496B6004DD6AE5DF0BA015 /* GetRecordResponse.swift in Sources */ = {isa = PBXBuildFile; fileRef = 45A5C40DE107D28840684007 /* GetRecordResponse.swift */; };
		F38A03DFEE942EED3110424D /* LoadAllRecordsResponse.swift in Sources */ = {isa = PBXBuildFile; fileRef = 552C4BF5B39E33120BA2DC60 /* LoadAllRecordsResponse.swift */; };
		F466FA0F4C5D7725C7667BC9 /* SearchDiscogsByBarcodeResponse.swift in Sources */ = {isa = PBXBuildFile; fileRef = 380405728A0CA2E34432E71C /* SearchDiscogsByBarcodeResponse.swift */; };
		F6171174B8836C992D94CE14 /* SaveRecordRequest.swift in Sources */ = {isa = PBXBuildFile; fileRef = 3B5E208155C92B8573AA2A9A /* SaveRecordRequest.swift */; };
		F6E87542A4345290D75352EE /* SettingsView.swift in Sources */ = {isa = PBXBuildFile; fileRef = ED5D258199A5705137941EDA /* SettingsView.swift */; };
		F75BB27058254AA7E3979101 /* VinylRecord.swift in Sources */ = {isa = PBXBuildFile; fileRef = F155ABEA74C208F9BE435CE1 /* VinylRecord.swift */; };
		F7E90816C900B169183344E3 /* ComputeStatisticsHandlerTests.swift in Sources */ = {isa = PBXBuildFile; fileRef = E818D10449CDFDAB96D87100 /* ComputeStatisticsHandlerTests.swift */; };
		FC038F7494B3325565E111F7 /* IHandler.swift in Sources */ = {isa = PBXBuildFile; fileRef = B0A7D4997D9CAD15D278A54D /* IHandler.swift */; };
		FD2C7DF31E3A49128A517B04 /* DependencyContainer.swift in Sources */ = {isa = PBXBuildFile; fileRef = 3CFF7B588771FADCF5BB9C0B /* DependencyContainer.swift */; };
		FD6FF4E4C765329D410F146D /* FileManagerUtility.swift in Sources */ = {isa = PBXBuildFile; fileRef = D9C94B377E487D8F4F4C52F5 /* FileManagerUtility.swift */; };
/* End PBXBuildFile section */

/* Begin PBXContainerItemProxy section */
		511B43B1B263A6739C13E02D /* PBXContainerItemProxy */ = {
			isa = PBXContainerItemProxy;
			containerPortal = 0BB8522056B79DF67E275B3C /* Project object */;
			proxyType = 1;
			remoteGlobalIDString = 2D3092E583DE9439925E379A;
			remoteInfo = VinylCollector;
		};
/* End PBXContainerItemProxy section */

/* Begin PBXFileReference section */
		01B60AF004C87C441E219687 /* View+ErrorAlert.swift */ = {isa = PBXFileReference; lastKnownFileType = sourcecode.swift; path = "View+ErrorAlert.swift"; sourceTree = "<group>"; };
		020C9175D87CEF435592AD24 /* StatisticsEngine.swift */ = {isa = PBXFileReference; lastKnownFileType = sourcecode.swift; path = StatisticsEngine.swift; sourceTree = "<group>"; };
		04C50D7DA63B56149A34BAA8 /* VinylCollector.app */ = {isa = PBXFileReference; explicitFileType = wrapper.application; includeInIndex = 0; path = VinylCollector.app; sourceTree = BUILT_PRODUCTS_DIR; };
		06D95F9833D37F6B8B556D23 /* ResponseBase.swift */ = {isa = PBXFileReference; lastKnownFileType = sourcecode.swift; path = ResponseBase.swift; sourceTree = "<group>"; };
		0BDFCB0D2ADC30B7EF0726D8 /* IdentifyRecordResponse.swift */ = {isa = PBXFileReference; lastKnownFileType = sourcecode.swift; path = IdentifyRecordResponse.swift; sourceTree = "<group>"; };
		0C473021FA931C59E47A6C6D /* SavePhotoHandler.swift */ = {isa = PBXFileReference; lastKnownFileType = sourcecode.swift; path = SavePhotoHandler.swift; sourceTree = "<group>"; };
		0E3A2B8F79859F31AF4BC500 /* ParseIdentificationHandler.swift */ = {isa = PBXFileReference; lastKnownFileType = sourcecode.swift; path = ParseIdentificationHandler.swift; sourceTree = "<group>"; };
		0F5DAA13A9636BDDDE4C6A71 /* IdentifyRecordHandler.swift */ = {isa = PBXFileReference; lastKnownFileType = sourcecode.swift; path = IdentifyRecordHandler.swift; sourceTree = "<group>"; };
		10B3CBA0E07F7A0EB40A0BF4 /* StringUtilityTests.swift */ = {isa = PBXFileReference; lastKnownFileType = sourcecode.swift; path = StringUtilityTests.swift; sourceTree = "<group>"; };
		10D8DBE48FAF9BCF9A1FF242 /* IdentifyRecordRequest.swift */ = {isa = PBXFileReference; lastKnownFileType = sourcecode.swift; path = IdentifyRecordRequest.swift; sourceTree = "<group>"; };
		10F89ACE1A26AC20BF7F0068 /* IAIVisionAccessor.swift */ = {isa = PBXFileReference; lastKnownFileType = sourcecode.swift; path = IAIVisionAccessor.swift; sourceTree = "<group>"; };
		135034EE4C31E382300F009B /* CollectionView.swift */ = {isa = PBXFileReference; lastKnownFileType = sourcecode.swift; path = CollectionView.swift; sourceTree = "<group>"; };
		15CC61E8070114B52A574BFC /* GetStatisticsRequest.swift */ = {isa = PBXFileReference; lastKnownFileType = sourcecode.swift; path = GetStatisticsRequest.swift; sourceTree = "<group>"; };
		171FF6F4AA234AE9A27717F7 /* CoverCropView.swift */ = {isa = PBXFileReference; lastKnownFileType = sourcecode.swift; path = CoverCropView.swift; sourceTree = "<group>"; };
		17FA8E1748CDC93C9F21BBD4 /* MergeMetadataRequest.swift */ = {isa = PBXFileReference; lastKnownFileType = sourcecode.swift; path = MergeMetadataRequest.swift; sourceTree = "<group>"; };
		1A9D8531D42842ED39700EFA /* AddRecordRequest.swift */ = {isa = PBXFileReference; lastKnownFileType = sourcecode.swift; path = AddRecordRequest.swift; sourceTree = "<group>"; };
		1B0BF3F8EF0C3521B8CBA6B6 /* AIVisionAccessor.swift */ = {isa = PBXFileReference; lastKnownFileType = sourcecode.swift; path = AIVisionAccessor.swift; sourceTree = "<group>"; };
		1DADBC594453119CCF3FD87E /* LoadAllRecordsHandler.swift */ = {isa = PBXFileReference; lastKnownFileType = sourcecode.swift; path = LoadAllRecordsHandler.swift; sourceTree = "<group>"; };
		1EF14D17F355B8CB31FADCA4 /* DeletePhotoRequest.swift */ = {isa = PBXFileReference; lastKnownFileType = sourcecode.swift; path = DeletePhotoRequest.swift; sourceTree = "<group>"; };
		21F42FFB396C4AE5B0A05607 /* LoadPhotoResponse.swift */ = {isa = PBXFileReference; lastKnownFileType = sourcecode.swift; path = LoadPhotoResponse.swift; sourceTree = "<group>"; };
		21F7545742340ECFEC277A44 /* GetRecordRequest.swift */ = {isa = PBXFileReference; lastKnownFileType = sourcecode.swift; path = GetRecordRequest.swift; sourceTree = "<group>"; };
		22704454C236B06F0FF7D6CA /* BarcodeView.swift */ = {isa = PBXFileReference; lastKnownFileType = sourcecode.swift; path = BarcodeView.swift; sourceTree = "<group>"; };
		2F2D05288044ACEA7A63B6E7 /* EditRecordResponse.swift */ = {isa = PBXFileReference; lastKnownFileType = sourcecode.swift; path = EditRecordResponse.swift; sourceTree = "<group>"; };
		2FFF91631E42052A35771BD2 /* GetCollectionHandler.swift */ = {isa = PBXFileReference; lastKnownFileType = sourcecode.swift; path = GetCollectionHandler.swift; sourceTree = "<group>"; };
		326A133D8F459172C530CCBA /* RemoveRecordRequest.swift */ = {isa = PBXFileReference; lastKnownFileType = sourcecode.swift; path = RemoveRecordRequest.swift; sourceTree = "<group>"; };
		368E3335F64B08266B9E5929 /* SaveRecordResponse.swift */ = {isa = PBXFileReference; lastKnownFileType = sourcecode.swift; path = SaveRecordResponse.swift; sourceTree = "<group>"; };
		376BD682EF0A32F05F7B81AD /* RecordRowView.swift */ = {isa = PBXFileReference; lastKnownFileType = sourcecode.swift; path = RecordRowView.swift; sourceTree = "<group>"; };
		380405728A0CA2E34432E71C /* SearchDiscogsByBarcodeResponse.swift */ = {isa = PBXFileReference; lastKnownFileType = sourcecode.swift; path = SearchDiscogsByBarcodeResponse.swift; sourceTree = "<group>"; };
		3A82B99B69280558B0F86D01 /* SavePhotoResponse.swift */ = {isa = PBXFileReference; lastKnownFileType = sourcecode.swift; path = SavePhotoResponse.swift; sourceTree = "<group>"; };
		3AC4AAE536D16F529239EDDE /* RequestBase.swift */ = {isa = PBXFileReference; lastKnownFileType = sourcecode.swift; path = RequestBase.swift; sourceTree = "<group>"; };
		3B5E208155C92B8573AA2A9A /* SaveRecordRequest.swift */ = {isa = PBXFileReference; lastKnownFileType = sourcecode.swift; path = SaveRecordRequest.swift; sourceTree = "<group>"; };
		3C71E299DD6DBD2D833F6A81 /* LoadDiscogsReleaseRequest.swift */ = {isa = PBXFileReference; lastKnownFileType = sourcecode.swift; path = LoadDiscogsReleaseRequest.swift; sourceTree = "<group>"; };
		3C8F4B8F5439A4C2CB97AD19 /* LoadDiscogsReleaseHandler.swift */ = {isa = PBXFileReference; lastKnownFileType = sourcecode.swift; path = LoadDiscogsReleaseHandler.swift; sourceTree = "<group>"; };
		3CFF7B588771FADCF5BB9C0B /* DependencyContainer.swift */ = {isa = PBXFileReference; lastKnownFileType = sourcecode.swift; path = DependencyContainer.swift; sourceTree = "<group>"; };
		3D49AA722C59CEDE3317883F /* RecordManager.swift */ = {isa = PBXFileReference; lastKnownFileType = sourcecode.swift; path = RecordManager.swift; sourceTree = "<group>"; };
		3D85B74971389D71FD24442F /* AddRecordViewModel.swift */ = {isa = PBXFileReference; lastKnownFileType = sourcecode.swift; path = AddRecordViewModel.swift; sourceTree = "<group>"; };
		41C1D1945D913CBBD42E9147 /* AttachPhotoResponse.swift */ = {isa = PBXFileReference; lastKnownFileType = sourcecode.swift; path = AttachPhotoResponse.swift; sourceTree = "<group>"; };
		4342DDDFA0F8E376AD04ACB1 /* LoadAllRecordsRequest.swift */ = {isa = PBXFileReference; lastKnownFileType = sourcecode.swift; path = LoadAllRecordsRequest.swift; sourceTree = "<group>"; };
		43991E1A77EC7A0E2A173CC7 /* GetCollectionRequest.swift */ = {isa = PBXFileReference; lastKnownFileType = sourcecode.swift; path = GetCollectionRequest.swift; sourceTree = "<group>"; };
		45A5C40DE107D28840684007 /* GetRecordResponse.swift */ = {isa = PBXFileReference; lastKnownFileType = sourcecode.swift; path = GetRecordResponse.swift; sourceTree = "<group>"; };
		45C8E0BD9D5B3FC51906BCEE /* RecordDetailViewModel.swift */ = {isa = PBXFileReference; lastKnownFileType = sourcecode.swift; path = RecordDetailViewModel.swift; sourceTree = "<group>"; };
		469B375CB21A29008E850D86 /* AddRecordView.swift */ = {isa = PBXFileReference; lastKnownFileType = sourcecode.swift; path = AddRecordView.swift; sourceTree = "<group>"; };
		492B5FBC0E4945A8B03D545D /* LoadRecordRequest.swift */ = {isa = PBXFileReference; lastKnownFileType = sourcecode.swift; path = LoadRecordRequest.swift; sourceTree = "<group>"; };
		496B3194B84E56D25EE0FD4F /* SearchRecordRequest.swift */ = {isa = PBXFileReference; lastKnownFileType = sourcecode.swift; path = SearchRecordRequest.swift; sourceTree = "<group>"; };
		4C7B09706AEBDE0761A841F6 /* DiscogsPickerView.swift */ = {isa = PBXFileReference; lastKnownFileType = sourcecode.swift; path = DiscogsPickerView.swift; sourceTree = "<group>"; };
		4CFDF798BC96B0F07CABA548 /* AddRecordResponse.swift */ = {isa = PBXFileReference; lastKnownFileType = sourcecode.swift; path = AddRecordResponse.swift; sourceTree = "<group>"; };
		511DA77A90DF24F80043AD6E /* IRecordAccessor.swift */ = {isa = PBXFileReference; lastKnownFileType = sourcecode.swift; path = IRecordAccessor.swift; sourceTree = "<group>"; };
		5162AAF6523673DC6E41FA9F /* ParseIdentificationRequest.swift */ = {isa = PBXFileReference; lastKnownFileType = sourcecode.swift; path = ParseIdentificationRequest.swift; sourceTree = "<group>"; };
		54866D596E6B1AD651920A41 /* StatisticsManager.swift */ = {isa = PBXFileReference; lastKnownFileType = sourcecode.swift; path = StatisticsManager.swift; sourceTree = "<group>"; };
		552C4BF5B39E33120BA2DC60 /* LoadAllRecordsResponse.swift */ = {isa = PBXFileReference; lastKnownFileType = sourcecode.swift; path = LoadAllRecordsResponse.swift; sourceTree = "<group>"; };
		563B1AF7CFFD5610EF358343 /* ComputeStatisticsHandler.swift */ = {isa = PBXFileReference; lastKnownFileType = sourcecode.swift; path = ComputeStatisticsHandler.swift; sourceTree = "<group>"; };
		56981A425ACC8EF5A62B02FC /* SearchDiscogsHandler.swift */ = {isa = PBXFileReference; lastKnownFileType = sourcecode.swift; path = SearchDiscogsHandler.swift; sourceTree = "<group>"; };
		578C02F196F9E39AF96EEAA3 /* StatisticsView.swift */ = {isa = PBXFileReference; lastKnownFileType = sourcecode.swift; path = StatisticsView.swift; sourceTree = "<group>"; };
		61395A552D07BF5D2C101E37 /* DiscogsAccessor.swift */ = {isa = PBXFileReference; lastKnownFileType = sourcecode.swift; path = DiscogsAccessor.swift; sourceTree = "<group>"; };
		62977B0F14E3B2A4558E5425 /* SearchDiscogsByBarcodeRequest.swift */ = {isa = PBXFileReference; lastKnownFileType = sourcecode.swift; path = SearchDiscogsByBarcodeRequest.swift; sourceTree = "<group>"; };
		62BBB1DBE43CF8650CC6BA6F /* ComputeStatisticsRequest.swift */ = {isa = PBXFileReference; lastKnownFileType = sourcecode.swift; path = ComputeStatisticsRequest.swift; sourceTree = "<group>"; };
		64229DE83F98A53FE127EA30 /* MergeMetadataHandler.swift */ = {isa = PBXFileReference; lastKnownFileType = sourcecode.swift; path = MergeMetadataHandler.swift; sourceTree = "<group>"; };
		65094BF616D82716BDC79B02 /* GetStatisticsHandler.swift */ = {isa = PBXFileReference; lastKnownFileType = sourcecode.swift; path = GetStatisticsHandler.swift; sourceTree = "<group>"; };
		65C42C294071FE0113905056 /* SaveRecordHandler.swift */ = {isa = PBXFileReference; lastKnownFileType = sourcecode.swift; path = SaveRecordHandler.swift; sourceTree = "<group>"; };
		661E67B838E9264095D18ECD /* SearchDiscogsRequest.swift */ = {isa = PBXFileReference; lastKnownFileType = sourcecode.swift; path = SearchDiscogsRequest.swift; sourceTree = "<group>"; };
		67DCF6C48100780F957F3FFE /* APIConfiguration.swift */ = {isa = PBXFileReference; lastKnownFileType = sourcecode.swift; path = APIConfiguration.swift; sourceTree = "<group>"; };
		6BCEC5CF4A13CD1EFE303DA9 /* MetadataEngine.swift */ = {isa = PBXFileReference; lastKnownFileType = sourcecode.swift; path = MetadataEngine.swift; sourceTree = "<group>"; };
		6BF5F87754EA375EB1E3DBED /* IRecordManager.swift */ = {isa = PBXFileReference; lastKnownFileType = sourcecode.swift; path = IRecordManager.swift; sourceTree = "<group>"; };
		6F74E36D5DC38A964ABDEFCC /* SavePhotoRequest.swift */ = {isa = PBXFileReference; lastKnownFileType = sourcecode.swift; path = SavePhotoRequest.swift; sourceTree = "<group>"; };
		786E03A92819F582234B3EEE /* MergeMetadataHandlerTests.swift */ = {isa = PBXFileReference; lastKnownFileType = sourcecode.swift; path = MergeMetadataHandlerTests.swift; sourceTree = "<group>"; };
		79B753DFB03B5216FBF46F3C /* ParseIdentificationResponse.swift */ = {isa = PBXFileReference; lastKnownFileType = sourcecode.swift; path = ParseIdentificationResponse.swift; sourceTree = "<group>"; };
		81CA617C1F5205E21B2D8AF2 /* IIdentificationEngine.swift */ = {isa = PBXFileReference; lastKnownFileType = sourcecode.swift; path = IIdentificationEngine.swift; sourceTree = "<group>"; };
		8DB789699A65A2EC60E3063C /* RecordPhoto.swift */ = {isa = PBXFileReference; lastKnownFileType = sourcecode.swift; path = RecordPhoto.swift; sourceTree = "<group>"; };
		8F685267E648F25D888E51EB /* LoadPhotoHandler.swift */ = {isa = PBXFileReference; lastKnownFileType = sourcecode.swift; path = LoadPhotoHandler.swift; sourceTree = "<group>"; };
		9464C44B5257BCFBC579D102 /* RecordAccessor.swift */ = {isa = PBXFileReference; lastKnownFileType = sourcecode.swift; path = RecordAccessor.swift; sourceTree = "<group>"; };
		9677E420FC576647EE57BD30 /* FilteredRecordListView.swift */ = {isa = PBXFileReference; lastKnownFileType = sourcecode.swift; path = FilteredRecordListView.swift; sourceTree = "<group>"; };
		9CDDD71BAC1D7F625ECA3082 /* Assets.xcassets */ = {isa = PBXFileReference; lastKnownFileType = folder.assetcatalog; path = Assets.xcassets; sourceTree = "<group>"; };
		9E748A9313B73DE97E3A826B /* ContentView.swift */ = {isa = PBXFileReference; lastKnownFileType = sourcecode.swift; path = ContentView.swift; sourceTree = "<group>"; };
		9ECE280458A7CA761563FC4B /* IdentificationEngine.swift */ = {isa = PBXFileReference; lastKnownFileType = sourcecode.swift; path = IdentificationEngine.swift; sourceTree = "<group>"; };
		9F8FF53777AD2E7E44C65A46 /* SearchDiscogsByBarcodeHandler.swift */ = {isa = PBXFileReference; lastKnownFileType = sourcecode.swift; path = SearchDiscogsByBarcodeHandler.swift; sourceTree = "<group>"; };
		A2561B969D8E6AA0817B908E /* IStatisticsEngine.swift */ = {isa = PBXFileReference; lastKnownFileType = sourcecode.swift; path = IStatisticsEngine.swift; sourceTree = "<group>"; };
		A4549E9C96840B7F76A357DA /* SearchRecordResponse.swift */ = {isa = PBXFileReference; lastKnownFileType = sourcecode.swift; path = SearchRecordResponse.swift; sourceTree = "<group>"; };
		A69D7D9FDC772D9B8C2E253B /* RemoveRecordHandler.swift */ = {isa = PBXFileReference; lastKnownFileType = sourcecode.swift; path = RemoveRecordHandler.swift; sourceTree = "<group>"; };
		A916FB59A2226B8CEB02A2AC /* VinylCollectorApp.swift */ = {isa = PBXFileReference; lastKnownFileType = sourcecode.swift; path = VinylCollectorApp.swift; sourceTree = "<group>"; };
		AA154C5660378F7832795F0C /* IPhotoAccessor.swift */ = {isa = PBXFileReference; lastKnownFileType = sourcecode.swift; path = IPhotoAccessor.swift; sourceTree = "<group>"; };
		AA21533F48107E642433F39C /* CameraView.swift */ = {isa = PBXFileReference; lastKnownFileType = sourcecode.swift; path = CameraView.swift; sourceTree = "<group>"; };
		AB0AA13FE78B56D7B976038C /* ModelContext+FetchById.swift */ = {isa = PBXFileReference; lastKnownFileType = sourcecode.swift; path = "ModelContext+FetchById.swift"; sourceTree = "<group>"; };
		AC9570E9D90E3E93CB9B42E0 /* GetCollectionResponse.swift */ = {isa = PBXFileReference; lastKnownFileType = sourcecode.swift; path = GetCollectionResponse.swift; sourceTree = "<group>"; };
		AD84213E43426FD3F3E35DCF /* DeleteRecordHandler.swift */ = {isa = PBXFileReference; lastKnownFileType = sourcecode.swift; path = DeleteRecordHandler.swift; sourceTree = "<group>"; };
		AEB0B050AA797840E1B716A5 /* MergeMetadataResponse.swift */ = {isa = PBXFileReference; lastKnownFileType = sourcecode.swift; path = MergeMetadataResponse.swift; sourceTree = "<group>"; };
		AF781AFD3BDD52E0F48460CB /* GetRecordHandler.swift */ = {isa = PBXFileReference; lastKnownFileType = sourcecode.swift; path = GetRecordHandler.swift; sourceTree = "<group>"; };
		B0563FEE90FE08F174CF655B /* PhotoAccessor.swift */ = {isa = PBXFileReference; lastKnownFileType = sourcecode.swift; path = PhotoAccessor.swift; sourceTree = "<group>"; };
		B0A7D4997D9CAD15D278A54D /* IHandler.swift */ = {isa = PBXFileReference; lastKnownFileType = sourcecode.swift; path = IHandler.swift; sourceTree = "<group>"; };
		B430DED88C1819D96011AD76 /* ParseIdentificationHandlerTests.swift */ = {isa = PBXFileReference; lastKnownFileType = sourcecode.swift; path = ParseIdentificationHandlerTests.swift; sourceTree = "<group>"; };
		B7C35F1014043E1BEB7E4185 /* SearchDiscogsResponse.swift */ = {isa = PBXFileReference; lastKnownFileType = sourcecode.swift; path = SearchDiscogsResponse.swift; sourceTree = "<group>"; };
		B84680D05331B8030A9D113A /* StringUtility.swift */ = {isa = PBXFileReference; lastKnownFileType = sourcecode.swift; path = StringUtility.swift; sourceTree = "<group>"; };
		B859D8573200C1607EC8CEB1 /* DeleteRecordResponse.swift */ = {isa = PBXFileReference; lastKnownFileType = sourcecode.swift; path = DeleteRecordResponse.swift; sourceTree = "<group>"; };
		BB143DDC99997F5DC5BDD046 /* StatisticsViewModel.swift */ = {isa = PBXFileReference; lastKnownFileType = sourcecode.swift; path = StatisticsViewModel.swift; sourceTree = "<group>"; };
		BBB5C73BC1F3892822622C3F /* ImageUtility.swift */ = {isa = PBXFileReference; lastKnownFileType = sourcecode.swift; path = ImageUtility.swift; sourceTree = "<group>"; };
		BD80CC94B82FCC8221C8C918 /* IMetadataEngine.swift */ = {isa = PBXFileReference; lastKnownFileType = sourcecode.swift; path = IMetadataEngine.swift; sourceTree = "<group>"; };
		C11E6497E8179E5580687C2C /* GetStatisticsResponse.swift */ = {isa = PBXFileReference; lastKnownFileType = sourcecode.swift; path = GetStatisticsResponse.swift; sourceTree = "<group>"; };
		C54A6E9B9C1CAB061D7FB9F5 /* HandlerResolver.swift */ = {isa = PBXFileReference; lastKnownFileType = sourcecode.swift; path = HandlerResolver.swift; sourceTree = "<group>"; };
		C83654EA79CC88DEEE2B3DFC /* DiscogsSearchAPITypes.swift */ = {isa = PBXFileReference; lastKnownFileType = sourcecode.swift; path = DiscogsSearchAPITypes.swift; sourceTree = "<group>"; };
		C93C380FADCC2D357BE36EA7 /* DeletePhotoResponse.swift */ = {isa = PBXFileReference; lastKnownFileType = sourcecode.swift; path = DeletePhotoResponse.swift; sourceTree = "<group>"; };
		C98C6E39A43F57F797EC4ECC /* IDiscogsAccessor.swift */ = {isa = PBXFileReference; lastKnownFileType = sourcecode.swift; path = IDiscogsAccessor.swift; sourceTree = "<group>"; };
		CA4CFFD51350297BA2837CD1 /* LoadDiscogsReleaseResponse.swift */ = {isa = PBXFileReference; lastKnownFileType = sourcecode.swift; path = LoadDiscogsReleaseResponse.swift; sourceTree = "<group>"; };
		CA662ED35C936694552F7C86 /* AddRecordHandler.swift */ = {isa = PBXFileReference; lastKnownFileType = sourcecode.swift; path = AddRecordHandler.swift; sourceTree = "<group>"; };
		CE4A78F92547A7A8DA92997A /* LoadRecordResponse.swift */ = {isa = PBXFileReference; lastKnownFileType = sourcecode.swift; path = LoadRecordResponse.swift; sourceTree = "<group>"; };
		D038E2F407B3EEDB399AB578 /* DeleteRecordRequest.swift */ = {isa = PBXFileReference; lastKnownFileType = sourcecode.swift; path = DeleteRecordRequest.swift; sourceTree = "<group>"; };
		D0457282A617A6A788A93837 /* LogUtility.swift */ = {isa = PBXFileReference; lastKnownFileType = sourcecode.swift; path = LogUtility.swift; sourceTree = "<group>"; };
		D13C344129828CED95615B2E /* IStatisticsManager.swift */ = {isa = PBXFileReference; lastKnownFileType = sourcecode.swift; path = IStatisticsManager.swift; sourceTree = "<group>"; };
		D3AF8CD69D76561D18724520 /* VinylCollectorTests.xctest */ = {isa = PBXFileReference; explicitFileType = wrapper.cfbundle; includeInIndex = 0; path = VinylCollectorTests.xctest; sourceTree = BUILT_PRODUCTS_DIR; };
		D8EA51EC7ABBA14824B2A175 /* AttachPhotoRequest.swift */ = {isa = PBXFileReference; lastKnownFileType = sourcecode.swift; path = AttachPhotoRequest.swift; sourceTree = "<group>"; };
		D9C94B377E487D8F4F4C52F5 /* FileManagerUtility.swift */ = {isa = PBXFileReference; lastKnownFileType = sourcecode.swift; path = FileManagerUtility.swift; sourceTree = "<group>"; };
		DC87C8D4B19ACD1693975449 /* EditRecordRequest.swift */ = {isa = PBXFileReference; lastKnownFileType = sourcecode.swift; path = EditRecordRequest.swift; sourceTree = "<group>"; };
		DF05FE8E2AB580C709A986FB /* Info.plist */ = {isa = PBXFileReference; lastKnownFileType = text.plist; path = Info.plist; sourceTree = "<group>"; };
		E1FE0822D5F9B071B8007C13 /* CollectionViewModel.swift */ = {isa = PBXFileReference; lastKnownFileType = sourcecode.swift; path = CollectionViewModel.swift; sourceTree = "<group>"; };
		E478AAF824111BF170B04976 /* SearchRecordHandler.swift */ = {isa = PBXFileReference; lastKnownFileType = sourcecode.swift; path = SearchRecordHandler.swift; sourceTree = "<group>"; };
		E4E844EE09E77FC91692230C /* EditRecordHandler.swift */ = {isa = PBXFileReference; lastKnownFileType = sourcecode.swift; path = EditRecordHandler.swift; sourceTree = "<group>"; };
		E664B0E6C557C94AE9F9DB9B /* RecordDetailView.swift */ = {isa = PBXFileReference; lastKnownFileType = sourcecode.swift; path = RecordDetailView.swift; sourceTree = "<group>"; };
		E66FFCF685207C1DFB8A819E /* VinylCollector.entitlements */ = {isa = PBXFileReference; lastKnownFileType = text.plist.entitlements; path = VinylCollector.entitlements; sourceTree = "<group>"; };
		E818D10449CDFDAB96D87100 /* ComputeStatisticsHandlerTests.swift */ = {isa = PBXFileReference; lastKnownFileType = sourcecode.swift; path = ComputeStatisticsHandlerTests.swift; sourceTree = "<group>"; };
		EACD7F01C6E121DD02667620 /* RemoveRecordResponse.swift */ = {isa = PBXFileReference; lastKnownFileType = sourcecode.swift; path = RemoveRecordResponse.swift; sourceTree = "<group>"; };
		EBE581BE3905A08C21C2137B /* NetworkUtility.swift */ = {isa = PBXFileReference; lastKnownFileType = sourcecode.swift; path = NetworkUtility.swift; sourceTree = "<group>"; };
		EC9D4A992199BD7F7707AD8E /* DeletePhotoHandler.swift */ = {isa = PBXFileReference; lastKnownFileType = sourcecode.swift; path = DeletePhotoHandler.swift; sourceTree = "<group>"; };
		ED5D258199A5705137941EDA /* SettingsView.swift */ = {isa = PBXFileReference; lastKnownFileType = sourcecode.swift; path = SettingsView.swift; sourceTree = "<group>"; };
		EEFF58277BE9881E6A80FCAE /* AttachPhotoHandler.swift */ = {isa = PBXFileReference; lastKnownFileType = sourcecode.swift; path = AttachPhotoHandler.swift; sourceTree = "<group>"; };
		F155ABEA74C208F9BE435CE1 /* VinylRecord.swift */ = {isa = PBXFileReference; lastKnownFileType = sourcecode.swift; path = VinylRecord.swift; sourceTree = "<group>"; };
		F2B4D392DBD1D69B707D7524 /* LoadRecordHandler.swift */ = {isa = PBXFileReference; lastKnownFileType = sourcecode.swift; path = LoadRecordHandler.swift; sourceTree = "<group>"; };
		F5173C6D3F45C17EC9E5B560 /* ComputeStatisticsResponse.swift */ = {isa = PBXFileReference; lastKnownFileType = sourcecode.swift; path = ComputeStatisticsResponse.swift; sourceTree = "<group>"; };
		FCE7A36C829015DCCCEA4DB6 /* LoadPhotoRequest.swift */ = {isa = PBXFileReference; lastKnownFileType = sourcecode.swift; path = LoadPhotoRequest.swift; sourceTree = "<group>"; };
/* End PBXFileReference section */

/* Begin PBXGroup section */
		02623C6B3B293BADE0BF1BF2 /* Statistics */ = {
			isa = PBXGroup;
			children = (
				BEDFE9B4BE83B489B3C475D0 /* Handlers */,
				54866D596E6B1AD651920A41 /* StatisticsManager.swift */,
			);
			path = Statistics;
			sourceTree = "<group>";
		};
		0A9545AC740EF0AB36EBCFFE /* AIVision */ = {
			isa = PBXGroup;
			children = (
				BB9E16D9631814F7883FF4DD /* Handlers */,
				1B0BF3F8EF0C3521B8CBA6B6 /* AIVisionAccessor.swift */,
			);
			path = AIVision;
			sourceTree = "<group>";
		};
		0C40795D23AF7EEFF5567339 = {
			isa = PBXGroup;
			children = (
				9F3F5C7A470CB378EBD7A1D3 /* VinylCollector */,
				977D38A943DFDB4860DACABB /* VinylCollectorTests */,
				203AA4324297CBEAE49310D1 /* Products */,
			);
			sourceTree = "<group>";
		};
		0E9928D854AED1889CA20D24 /* Configuration */ = {
			isa = PBXGroup;
			children = (
				67DCF6C48100780F957F3FFE /* APIConfiguration.swift */,
			);
			path = Configuration;
			sourceTree = "<group>";
		};
		11DD1F7FAB51B6C851DC172B /* Contracts */ = {
			isa = PBXGroup;
			children = (
				3AC4AAE536D16F529239EDDE /* RequestBase.swift */,
				06D95F9833D37F6B8B556D23 /* ResponseBase.swift */,
			);
			path = Contracts;
			sourceTree = "<group>";
		};
		203AA4324297CBEAE49310D1 /* Products */ = {
			isa = PBXGroup;
			children = (
				04C50D7DA63B56149A34BAA8 /* VinylCollector.app */,
				D3AF8CD69D76561D18724520 /* VinylCollectorTests.xctest */,
			);
			name = Products;
			sourceTree = "<group>";
		};
		24DCC5B4106A7799B2FC4DD6 /* AIVision */ = {
			isa = PBXGroup;
			children = (
				10D8DBE48FAF9BCF9A1FF242 /* IdentifyRecordRequest.swift */,
				0BDFCB0D2ADC30B7EF0726D8 /* IdentifyRecordResponse.swift */,
			);
			path = AIVision;
			sourceTree = "<group>";
		};
		2799DB51D663167AE0621F46 /* Contracts */ = {
			isa = PBXGroup;
			children = (
				24DCC5B4106A7799B2FC4DD6 /* AIVision */,
				3EDDDC66123516C369333168 /* Discogs */,
				9CD7328469468D7AD62D027E /* Identification */,
				8856C928B55055496263E06A /* Metadata */,
				954EBC0DD75E39C7938750B3 /* Persistence */,
				6F04A2B72A2FD0BD0512F838 /* Photo */,
				9B4697746114C024A0BA4484 /* Record */,
				82A3D8042EC3F25D3D9D2C54 /* Statistics */,
			);
			path = Contracts;
			sourceTree = "<group>";
		};
		3759FB234A69CCE3793681D3 /* App */ = {
			isa = PBXGroup;
			children = (
				3CFF7B588771FADCF5BB9C0B /* DependencyContainer.swift */,
				A916FB59A2226B8CEB02A2AC /* VinylCollectorApp.swift */,
			);
			path = App;
			sourceTree = "<group>";
		};
		3ABEFE1039E22804669FD571 /* Resolver */ = {
			isa = PBXGroup;
			children = (
				C54A6E9B9C1CAB061D7FB9F5 /* HandlerResolver.swift */,
				B0A7D4997D9CAD15D278A54D /* IHandler.swift */,
			);
			path = Resolver;
			sourceTree = "<group>";
		};
		3D993C0CC2F8A93FFD1FAAFA /* Record */ = {
			isa = PBXGroup;
			children = (
				7E34727A74FAEAF3A80F7159 /* Handlers */,
				9464C44B5257BCFBC579D102 /* RecordAccessor.swift */,
			);
			path = Record;
			sourceTree = "<group>";
		};
		3EDDDC66123516C369333168 /* Discogs */ = {
			isa = PBXGroup;
			children = (
				3C71E299DD6DBD2D833F6A81 /* LoadDiscogsReleaseRequest.swift */,
				CA4CFFD51350297BA2837CD1 /* LoadDiscogsReleaseResponse.swift */,
				62977B0F14E3B2A4558E5425 /* SearchDiscogsByBarcodeRequest.swift */,
				380405728A0CA2E34432E71C /* SearchDiscogsByBarcodeResponse.swift */,
				661E67B838E9264095D18ECD /* SearchDiscogsRequest.swift */,
				B7C35F1014043E1BEB7E4185 /* SearchDiscogsResponse.swift */,
			);
			path = Discogs;
			sourceTree = "<group>";
		};
		3EEC1509BB5383576878EA1A /* Utilities */ = {
			isa = PBXGroup;
			children = (
				10B3CBA0E07F7A0EB40A0BF4 /* StringUtilityTests.swift */,
			);
			path = Utilities;
			sourceTree = "<group>";
		};
		45023AA26CE60A1DC535FB3A /* Identification */ = {
			isa = PBXGroup;
			children = (
				C21EE075C2754111325286F4 /* Handlers */,
				9ECE280458A7CA761563FC4B /* IdentificationEngine.swift */,
			);
			path = Identification;
			sourceTree = "<group>";
		};
		492A5164053F67B7780BA290 /* Views */ = {
			isa = PBXGroup;
			children = (
				4F3FDF3BBE2F7C7F6915B02F /* Add */,
				FCE03F3D6430F867987D9C27 /* Collection */,
				ADD541E905FB843645357A5F /* Detail */,
				6D729A18752D074985073515 /* Settings */,
				88E4AAB2A1D4536D81BF5A10 /* Statistics */,
				9E748A9313B73DE97E3A826B /* ContentView.swift */,
			);
			path = Views;
			sourceTree = "<group>";
		};
		4E4535F53840BB948121CA57 /* Handlers */ = {
			isa = PBXGroup;
			children = (
				CA662ED35C936694552F7C86 /* AddRecordHandler.swift */,
				EEFF58277BE9881E6A80FCAE /* AttachPhotoHandler.swift */,
				E4E844EE09E77FC91692230C /* EditRecordHandler.swift */,
				2FFF91631E42052A35771BD2 /* GetCollectionHandler.swift */,
				AF781AFD3BDD52E0F48460CB /* GetRecordHandler.swift */,
				A69D7D9FDC772D9B8C2E253B /* RemoveRecordHandler.swift */,
				E478AAF824111BF170B04976 /* SearchRecordHandler.swift */,
			);
			path = Handlers;
			sourceTree = "<group>";
		};
		4E7453BE9AF019D6FE39DDAB /* Statistics */ = {
			isa = PBXGroup;
			children = (
				B952C696EDB286E1247F8B91 /* Handlers */,
				020C9175D87CEF435592AD24 /* StatisticsEngine.swift */,
			);
			path = Statistics;
			sourceTree = "<group>";
		};
		4F3FDF3BBE2F7C7F6915B02F /* Add */ = {
			isa = PBXGroup;
			children = (
				469B375CB21A29008E850D86 /* AddRecordView.swift */,
				3D85B74971389D71FD24442F /* AddRecordViewModel.swift */,
				22704454C236B06F0FF7D6CA /* BarcodeView.swift */,
				AA21533F48107E642433F39C /* CameraView.swift */,
				171FF6F4AA234AE9A27717F7 /* CoverCropView.swift */,
				4C7B09706AEBDE0761A841F6 /* DiscogsPickerView.swift */,
			);
			path = Add;
			sourceTree = "<group>";
		};
		50F7FE563637ECAC695A3CBA /* Handlers */ = {
			isa = PBXGroup;
			children = (
				64229DE83F98A53FE127EA30 /* MergeMetadataHandler.swift */,
			);
			path = Handlers;
			sourceTree = "<group>";
		};
		5EA8DA2A79C15CEAA751C61D /* Record */ = {
			isa = PBXGroup;
			children = (
				4E4535F53840BB948121CA57 /* Handlers */,
				3D49AA722C59CEDE3317883F /* RecordManager.swift */,
			);
			path = Record;
			sourceTree = "<group>";
		};
		5F4BE51587F855FD4C8B3B88 /* Models */ = {
			isa = PBXGroup;
			children = (
				8DB789699A65A2EC60E3063C /* RecordPhoto.swift */,
				F155ABEA74C208F9BE435CE1 /* VinylRecord.swift */,
			);
			path = Models;
			sourceTree = "<group>";
		};
		5FF545496525AAD3BB1B6431 /* Metadata */ = {
			isa = PBXGroup;
			children = (
				50F7FE563637ECAC695A3CBA /* Handlers */,
				6BCEC5CF4A13CD1EFE303DA9 /* MetadataEngine.swift */,
			);
			path = Metadata;
			sourceTree = "<group>";
		};
		675311BC2F0AE036242E19FD /* Handlers */ = {
			isa = PBXGroup;
			children = (
				B430DED88C1819D96011AD76 /* ParseIdentificationHandlerTests.swift */,
			);
			path = Handlers;
			sourceTree = "<group>";
		};
		6D729A18752D074985073515 /* Settings */ = {
			isa = PBXGroup;
			children = (
				ED5D258199A5705137941EDA /* SettingsView.swift */,
			);
			path = Settings;
			sourceTree = "<group>";
		};
		6DCE46F7043DA4AE2F8CB670 /* Photo */ = {
			isa = PBXGroup;
			children = (
				E1DEF5F54FEC9430DF5C0E7F /* Handlers */,
				B0563FEE90FE08F174CF655B /* PhotoAccessor.swift */,
			);
			path = Photo;
			sourceTree = "<group>";
		};
		6F04A2B72A2FD0BD0512F838 /* Photo */ = {
			isa = PBXGroup;
			children = (
				1EF14D17F355B8CB31FADCA4 /* DeletePhotoRequest.swift */,
				C93C380FADCC2D357BE36EA7 /* DeletePhotoResponse.swift */,
				FCE7A36C829015DCCCEA4DB6 /* LoadPhotoRequest.swift */,
				21F42FFB396C4AE5B0A05607 /* LoadPhotoResponse.swift */,
				6F74E36D5DC38A964ABDEFCC /* SavePhotoRequest.swift */,
				3A82B99B69280558B0F86D01 /* SavePhotoResponse.swift */,
			);
			path = Photo;
			sourceTree = "<group>";
		};
		79C850F8EC0E4B91F48269BD /* Handlers */ = {
			isa = PBXGroup;
			children = (
				E818D10449CDFDAB96D87100 /* ComputeStatisticsHandlerTests.swift */,
			);
			path = Handlers;
			sourceTree = "<group>";
		};
		7BB2A77E24431A6E66FFF109 /* Handlers */ = {
			isa = PBXGroup;
			children = (
				C83654EA79CC88DEEE2B3DFC /* DiscogsSearchAPITypes.swift */,
				3C8F4B8F5439A4C2CB97AD19 /* LoadDiscogsReleaseHandler.swift */,
				9F8FF53777AD2E7E44C65A46 /* SearchDiscogsByBarcodeHandler.swift */,
				56981A425ACC8EF5A62B02FC /* SearchDiscogsHandler.swift */,
			);
			path = Handlers;
			sourceTree = "<group>";
		};
		7E34727A74FAEAF3A80F7159 /* Handlers */ = {
			isa = PBXGroup;
			children = (
				AD84213E43426FD3F3E35DCF /* DeleteRecordHandler.swift */,
				1DADBC594453119CCF3FD87E /* LoadAllRecordsHandler.swift */,
				F2B4D392DBD1D69B707D7524 /* LoadRecordHandler.swift */,
				65C42C294071FE0113905056 /* SaveRecordHandler.swift */,
			);
			path = Handlers;
			sourceTree = "<group>";
		};
		82A3D8042EC3F25D3D9D2C54 /* Statistics */ = {
			isa = PBXGroup;
			children = (
				62BBB1DBE43CF8650CC6BA6F /* ComputeStatisticsRequest.swift */,
				F5173C6D3F45C17EC9E5B560 /* ComputeStatisticsResponse.swift */,
				15CC61E8070114B52A574BFC /* GetStatisticsRequest.swift */,
				C11E6497E8179E5580687C2C /* GetStatisticsResponse.swift */,
			);
			path = Statistics;
			sourceTree = "<group>";
		};
		8592D9EB150E2D1343BF9769 /* Extensions */ = {
			isa = PBXGroup;
			children = (
				AB0AA13FE78B56D7B976038C /* ModelContext+FetchById.swift */,
				01B60AF004C87C441E219687 /* View+ErrorAlert.swift */,
			);
			path = Extensions;
			sourceTree = "<group>";
		};
		8856C928B55055496263E06A /* Metadata */ = {
			isa = PBXGroup;
			children = (
				17FA8E1748CDC93C9F21BBD4 /* MergeMetadataRequest.swift */,
				AEB0B050AA797840E1B716A5 /* MergeMetadataResponse.swift */,
			);
			path = Metadata;
			sourceTree = "<group>";
		};
		88E4AAB2A1D4536D81BF5A10 /* Statistics */ = {
			isa = PBXGroup;
			children = (
				578C02F196F9E39AF96EEAA3 /* StatisticsView.swift */,
				BB143DDC99997F5DC5BDD046 /* StatisticsViewModel.swift */,
			);
			path = Statistics;
			sourceTree = "<group>";
		};
		8B28196CC2B76CF446E135A0 /* Statistics */ = {
			isa = PBXGroup;
			children = (
				79C850F8EC0E4B91F48269BD /* Handlers */,
			);
			path = Statistics;
			sourceTree = "<group>";
		};
		8E26242581681C28FC0ABEDE /* Interfaces */ = {
			isa = PBXGroup;
			children = (
				6BF5F87754EA375EB1E3DBED /* IRecordManager.swift */,
				D13C344129828CED95615B2E /* IStatisticsManager.swift */,
			);
			path = Interfaces;
			sourceTree = "<group>";
		};
		8E9E794B8B6F5075EB3230D8 /* Managers */ = {
			isa = PBXGroup;
			children = (
				8E26242581681C28FC0ABEDE /* Interfaces */,
				5EA8DA2A79C15CEAA751C61D /* Record */,
				02623C6B3B293BADE0BF1BF2 /* Statistics */,
			);
			path = Managers;
			sourceTree = "<group>";
		};
		928DBD4DAA4CC1FCD8A6EB81 /* Discogs */ = {
			isa = PBXGroup;
			children = (
				7BB2A77E24431A6E66FFF109 /* Handlers */,
				61395A552D07BF5D2C101E37 /* DiscogsAccessor.swift */,
			);
			path = Discogs;
			sourceTree = "<group>";
		};
		94B12A7AF87C92E8DFAFEFEA /* Interfaces */ = {
			isa = PBXGroup;
			children = (
				10F89ACE1A26AC20BF7F0068 /* IAIVisionAccessor.swift */,
				C98C6E39A43F57F797EC4ECC /* IDiscogsAccessor.swift */,
				AA154C5660378F7832795F0C /* IPhotoAccessor.swift */,
				511DA77A90DF24F80043AD6E /* IRecordAccessor.swift */,
			);
			path = Interfaces;
			sourceTree = "<group>";
		};
		954EBC0DD75E39C7938750B3 /* Persistence */ = {
			isa = PBXGroup;
			children = (
				D038E2F407B3EEDB399AB578 /* DeleteRecordRequest.swift */,
				B859D8573200C1607EC8CEB1 /* DeleteRecordResponse.swift */,
				4342DDDFA0F8E376AD04ACB1 /* LoadAllRecordsRequest.swift */,
				552C4BF5B39E33120BA2DC60 /* LoadAllRecordsResponse.swift */,
				492B5FBC0E4945A8B03D545D /* LoadRecordRequest.swift */,
				CE4A78F92547A7A8DA92997A /* LoadRecordResponse.swift */,
				3B5E208155C92B8573AA2A9A /* SaveRecordRequest.swift */,
				368E3335F64B08266B9E5929 /* SaveRecordResponse.swift */,
			);
			path = Persistence;
			sourceTree = "<group>";
		};
		977D38A943DFDB4860DACABB /* VinylCollectorTests */ = {
			isa = PBXGroup;
			children = (
				A3E04DA023538972D8744B83 /* Common */,
				9B282E4C15970FC0920D01B8 /* Engines */,
			);
			path = VinylCollectorTests;
			sourceTree = "<group>";
		};
		9B282E4C15970FC0920D01B8 /* Engines */ = {
			isa = PBXGroup;
			children = (
				BC61B2BF4ACA65CB318353B0 /* Identification */,
				DD4FFC3A22538717144E8705 /* Metadata */,
				8B28196CC2B76CF446E135A0 /* Statistics */,
			);
			path = Engines;
			sourceTree = "<group>";
		};
		9B4697746114C024A0BA4484 /* Record */ = {
			isa = PBXGroup;
			children = (
				1A9D8531D42842ED39700EFA /* AddRecordRequest.swift */,
				4CFDF798BC96B0F07CABA548 /* AddRecordResponse.swift */,
				D8EA51EC7ABBA14824B2A175 /* AttachPhotoRequest.swift */,
				41C1D1945D913CBBD42E9147 /* AttachPhotoResponse.swift */,
				DC87C8D4B19ACD1693975449 /* EditRecordRequest.swift */,
				2F2D05288044ACEA7A63B6E7 /* EditRecordResponse.swift */,
				43991E1A77EC7A0E2A173CC7 /* GetCollectionRequest.swift */,
				AC9570E9D90E3E93CB9B42E0 /* GetCollectionResponse.swift */,
				21F7545742340ECFEC277A44 /* GetRecordRequest.swift */,
				45A5C40DE107D28840684007 /* GetRecordResponse.swift */,
				326A133D8F459172C530CCBA /* RemoveRecordRequest.swift */,
				EACD7F01C6E121DD02667620 /* RemoveRecordResponse.swift */,
				496B3194B84E56D25EE0FD4F /* SearchRecordRequest.swift */,
				A4549E9C96840B7F76A357DA /* SearchRecordResponse.swift */,
			);
			path = Record;
			sourceTree = "<group>";
		};
		9B48AAE2C0918447ACCA8671 /* Interfaces */ = {
			isa = PBXGroup;
			children = (
				81CA617C1F5205E21B2D8AF2 /* IIdentificationEngine.swift */,
				BD80CC94B82FCC8221C8C918 /* IMetadataEngine.swift */,
				A2561B969D8E6AA0817B908E /* IStatisticsEngine.swift */,
			);
			path = Interfaces;
			sourceTree = "<group>";
		};
		9CD7328469468D7AD62D027E /* Identification */ = {
			isa = PBXGroup;
			children = (
				5162AAF6523673DC6E41FA9F /* ParseIdentificationRequest.swift */,
				79B753DFB03B5216FBF46F3C /* ParseIdentificationResponse.swift */,
			);
			path = Identification;
			sourceTree = "<group>";
		};
		9F3F5C7A470CB378EBD7A1D3 /* VinylCollector */ = {
			isa = PBXGroup;
			children = (
				BEE845514D027ED45C9419A1 /* Accessors */,
				3759FB234A69CCE3793681D3 /* App */,
				AA8D72C6DEA07E2C3449F73B /* Common */,
				0E9928D854AED1889CA20D24 /* Configuration */,
				2799DB51D663167AE0621F46 /* Contracts */,
				A770555573505B1848652DF5 /* Engines */,
				8E9E794B8B6F5075EB3230D8 /* Managers */,
				5F4BE51587F855FD4C8B3B88 /* Models */,
				492A5164053F67B7780BA290 /* Views */,
				9CDDD71BAC1D7F625ECA3082 /* Assets.xcassets */,
				DF05FE8E2AB580C709A986FB /* Info.plist */,
				E66FFCF685207C1DFB8A819E /* VinylCollector.entitlements */,
			);
			path = VinylCollector;
			sourceTree = "<group>";
		};
		A3E04DA023538972D8744B83 /* Common */ = {
			isa = PBXGroup;
			children = (
				3EEC1509BB5383576878EA1A /* Utilities */,
			);
			path = Common;
			sourceTree = "<group>";
		};
		A770555573505B1848652DF5 /* Engines */ = {
			isa = PBXGroup;
			children = (
				45023AA26CE60A1DC535FB3A /* Identification */,
				9B48AAE2C0918447ACCA8671 /* Interfaces */,
				5FF545496525AAD3BB1B6431 /* Metadata */,
				4E7453BE9AF019D6FE39DDAB /* Statistics */,
			);
			path = Engines;
			sourceTree = "<group>";
		};
		AA8D72C6DEA07E2C3449F73B /* Common */ = {
			isa = PBXGroup;
			children = (
				11DD1F7FAB51B6C851DC172B /* Contracts */,
				8592D9EB150E2D1343BF9769 /* Extensions */,
				3ABEFE1039E22804669FD571 /* Resolver */,
				DEF757A03372B0815970627D /* Utilities */,
			);
			path = Common;
			sourceTree = "<group>";
		};
		ADD541E905FB843645357A5F /* Detail */ = {
			isa = PBXGroup;
			children = (
				E664B0E6C557C94AE9F9DB9B /* RecordDetailView.swift */,
				45C8E0BD9D5B3FC51906BCEE /* RecordDetailViewModel.swift */,
			);
			path = Detail;
			sourceTree = "<group>";
		};
		B952C696EDB286E1247F8B91 /* Handlers */ = {
			isa = PBXGroup;
			children = (
				563B1AF7CFFD5610EF358343 /* ComputeStatisticsHandler.swift */,
			);
			path = Handlers;
			sourceTree = "<group>";
		};
		BB9E16D9631814F7883FF4DD /* Handlers */ = {
			isa = PBXGroup;
			children = (
				0F5DAA13A9636BDDDE4C6A71 /* IdentifyRecordHandler.swift */,
			);
			path = Handlers;
			sourceTree = "<group>";
		};
		BC61B2BF4ACA65CB318353B0 /* Identification */ = {
			isa = PBXGroup;
			children = (
				675311BC2F0AE036242E19FD /* Handlers */,
			);
			path = Identification;
			sourceTree = "<group>";
		};
		BEDFE9B4BE83B489B3C475D0 /* Handlers */ = {
			isa = PBXGroup;
			children = (
				65094BF616D82716BDC79B02 /* GetStatisticsHandler.swift */,
			);
			path = Handlers;
			sourceTree = "<group>";
		};
		BEE845514D027ED45C9419A1 /* Accessors */ = {
			isa = PBXGroup;
			children = (
				0A9545AC740EF0AB36EBCFFE /* AIVision */,
				928DBD4DAA4CC1FCD8A6EB81 /* Discogs */,
				94B12A7AF87C92E8DFAFEFEA /* Interfaces */,
				6DCE46F7043DA4AE2F8CB670 /* Photo */,
				3D993C0CC2F8A93FFD1FAAFA /* Record */,
			);
			path = Accessors;
			sourceTree = "<group>";
		};
		C21EE075C2754111325286F4 /* Handlers */ = {
			isa = PBXGroup;
			children = (
				0E3A2B8F79859F31AF4BC500 /* ParseIdentificationHandler.swift */,
			);
			path = Handlers;
			sourceTree = "<group>";
		};
		DD4FFC3A22538717144E8705 /* Metadata */ = {
			isa = PBXGroup;
			children = (
				E72190719CE2CA13AA49D0E9 /* Handlers */,
			);
			path = Metadata;
			sourceTree = "<group>";
		};
		DEF757A03372B0815970627D /* Utilities */ = {
			isa = PBXGroup;
			children = (
				D9C94B377E487D8F4F4C52F5 /* FileManagerUtility.swift */,
				BBB5C73BC1F3892822622C3F /* ImageUtility.swift */,
				D0457282A617A6A788A93837 /* LogUtility.swift */,
				EBE581BE3905A08C21C2137B /* NetworkUtility.swift */,
				B84680D05331B8030A9D113A /* StringUtility.swift */,
			);
			path = Utilities;
			sourceTree = "<group>";
		};
		E1DEF5F54FEC9430DF5C0E7F /* Handlers */ = {
			isa = PBXGroup;
			children = (
				EC9D4A992199BD7F7707AD8E /* DeletePhotoHandler.swift */,
				8F685267E648F25D888E51EB /* LoadPhotoHandler.swift */,
				0C473021FA931C59E47A6C6D /* SavePhotoHandler.swift */,
			);
			path = Handlers;
			sourceTree = "<group>";
		};
		E72190719CE2CA13AA49D0E9 /* Handlers */ = {
			isa = PBXGroup;
			children = (
				786E03A92819F582234B3EEE /* MergeMetadataHandlerTests.swift */,
			);
			path = Handlers;
			sourceTree = "<group>";
		};
		FCE03F3D6430F867987D9C27 /* Collection */ = {
			isa = PBXGroup;
			children = (
				135034EE4C31E382300F009B /* CollectionView.swift */,
				E1FE0822D5F9B071B8007C13 /* CollectionViewModel.swift */,
				9677E420FC576647EE57BD30 /* FilteredRecordListView.swift */,
				376BD682EF0A32F05F7B81AD /* RecordRowView.swift */,
			);
			path = Collection;
			sourceTree = "<group>";
		};
/* End PBXGroup section */

/* Begin PBXNativeTarget section */
		0439E3FDC3CA56859A01C096 /* VinylCollectorTests */ = {
			isa = PBXNativeTarget;
			buildConfigurationList = FF56B70B5A135753B32DD893 /* Build configuration list for PBXNativeTarget "VinylCollectorTests" */;
			buildPhases = (
				1D454E91463F62ACC75B8928 /* Sources */,
			);
			buildRules = (
			);
			dependencies = (
				1EEF2397E3886B9A5A98317F /* PBXTargetDependency */,
			);
			name = VinylCollectorTests;
			packageProductDependencies = (
			);
			productName = VinylCollectorTests;
			productReference = D3AF8CD69D76561D18724520 /* VinylCollectorTests.xctest */;
			productType = "com.apple.product-type.bundle.unit-test";
		};
		2D3092E583DE9439925E379A /* VinylCollector */ = {
			isa = PBXNativeTarget;
			buildConfigurationList = 1987AECBCDCDEB718855FED3 /* Build configuration list for PBXNativeTarget "VinylCollector" */;
			buildPhases = (
				961820556EFE5BBFC1308339 /* Sources */,
				72410626EEFD2765F36FFE33 /* Resources */,
			);
			buildRules = (
			);
			dependencies = (
			);
			name = VinylCollector;
			packageProductDependencies = (
			);
			productName = VinylCollector;
			productReference = 04C50D7DA63B56149A34BAA8 /* VinylCollector.app */;
			productType = "com.apple.product-type.application";
		};
/* End PBXNativeTarget section */

/* Begin PBXProject section */
		0BB8522056B79DF67E275B3C /* Project object */ = {
			isa = PBXProject;
			attributes = {
				BuildIndependentTargetsInParallel = YES;
				LastUpgradeCheck = 2650;
				TargetAttributes = {
					0439E3FDC3CA56859A01C096 = {
						DevelopmentTeam = 9C5WLPGP58;
					};
					2D3092E583DE9439925E379A = {
						DevelopmentTeam = 9C5WLPGP58;
					};
				};
			};
			buildConfigurationList = C6CFE75D34D743047544FA5D /* Build configuration list for PBXProject "VinylCollector" */;
			developmentRegion = en;
			hasScannedForEncodings = 0;
			knownRegions = (
				Base,
				en,
			);
			mainGroup = 0C40795D23AF7EEFF5567339;
			minimizedProjectReferenceProxies = 1;
			preferredProjectObjectVersion = 77;
			productRefGroup = 203AA4324297CBEAE49310D1 /* Products */;
			projectDirPath = "";
			projectRoot = "";
			targets = (
				2D3092E583DE9439925E379A /* VinylCollector */,
				0439E3FDC3CA56859A01C096 /* VinylCollectorTests */,
			);
		};
/* End PBXProject section */

/* Begin PBXResourcesBuildPhase section */
		72410626EEFD2765F36FFE33 /* Resources */ = {
			isa = PBXResourcesBuildPhase;
			buildActionMask = 2147483647;
			files = (
				CD1814973706E7363D2DF78C /* Assets.xcassets in Resources */,
			);
			runOnlyForDeploymentPostprocessing = 0;
		};
/* End PBXResourcesBuildPhase section */

/* Begin PBXSourcesBuildPhase section */
		1D454E91463F62ACC75B8928 /* Sources */ = {
			isa = PBXSourcesBuildPhase;
			buildActionMask = 2147483647;
			files = (
				F7E90816C900B169183344E3 /* ComputeStatisticsHandlerTests.swift in Sources */,
				33CC08D2D5D602758E15EC21 /* MergeMetadataHandlerTests.swift in Sources */,
				C105C04AD659D493CAE97C29 /* ParseIdentificationHandlerTests.swift in Sources */,
				5A1877AC285BFC8EF0222719 /* StringUtilityTests.swift in Sources */,
			);
			runOnlyForDeploymentPostprocessing = 0;
		};
		961820556EFE5BBFC1308339 /* Sources */ = {
			isa = PBXSourcesBuildPhase;
			buildActionMask = 2147483647;
			files = (
				BF4645FDBD57EDEEE71BAD03 /* AIVisionAccessor.swift in Sources */,
				4E8F80106FBEC06C8E42CBBA /* APIConfiguration.swift in Sources */,
				5FAC50CA5A65F68373390CBC /* AddRecordHandler.swift in Sources */,
				651844C06920CB7214D543E4 /* AddRecordRequest.swift in Sources */,
				2E095B514C7B91BE212C435B /* AddRecordResponse.swift in Sources */,
				DA246D8C72274869ADC04F76 /* AddRecordView.swift in Sources */,
				57C6F4D6BE1B154B46E1581A /* AddRecordViewModel.swift in Sources */,
				E1C8BF3DB340E143F8C1D15A /* AttachPhotoHandler.swift in Sources */,
				3287D1C7B4131DA83EFAD92E /* AttachPhotoRequest.swift in Sources */,
				593A48F613EBAF75EC2206A8 /* AttachPhotoResponse.swift in Sources */,
				5AB9834C12FCCF237C849611 /* BarcodeView.swift in Sources */,
				3963C6DBBD05B8886987DCF6 /* CameraView.swift in Sources */,
				2F5088741E81E38432C400B9 /* CollectionView.swift in Sources */,
				1F292DF2D187B55352F0850B /* CollectionViewModel.swift in Sources */,
				59ABEF99408A77930A252A3E /* ComputeStatisticsHandler.swift in Sources */,
				F1C60841548F30793AF7C0EF /* ComputeStatisticsRequest.swift in Sources */,
				5A0E21AA24363B0E6CBB6251 /* ComputeStatisticsResponse.swift in Sources */,
				56143D24EF768C3FCD9A9E99 /* ContentView.swift in Sources */,
				6A9F1997CE2A429EF78AE27B /* CoverCropView.swift in Sources */,
				5C866430237A00AB9351F4C8 /* DeletePhotoHandler.swift in Sources */,
				93F4C1F99CA3BFDFCAB23B02 /* DeletePhotoRequest.swift in Sources */,
				D325784A78F1F217ED52FE7A /* DeletePhotoResponse.swift in Sources */,
				455226A7F5BA101FCE5DAE84 /* DeleteRecordHandler.swift in Sources */,
				0DCF6D83D4E418A272BF3945 /* DeleteRecordRequest.swift in Sources */,
				0DE26A1784297EB0C87F15D3 /* DeleteRecordResponse.swift in Sources */,
				FD2C7DF31E3A49128A517B04 /* DependencyContainer.swift in Sources */,
				4B347C10EBC7E8CD3041A6E5 /* DiscogsAccessor.swift in Sources */,
				5D847DC9D85AA21AB73A7CD2 /* DiscogsPickerView.swift in Sources */,
				0E6992B67DA8F8A376DF6A23 /* DiscogsSearchAPITypes.swift in Sources */,
				568B326FB6EA24070347D20A /* EditRecordHandler.swift in Sources */,
				D2838BDDD9C8C51EF7DCF42E /* EditRecordRequest.swift in Sources */,
				BCC7D3B46CD858BF7DFDBF22 /* EditRecordResponse.swift in Sources */,
				FD6FF4E4C765329D410F146D /* FileManagerUtility.swift in Sources */,
				7792BAC2C8BA7B2036A7CF41 /* FilteredRecordListView.swift in Sources */,
				68F3F66A72D53AADC2F7232A /* GetCollectionHandler.swift in Sources */,
				AD593FA3AA776C9F2761962D /* GetCollectionRequest.swift in Sources */,
				000C4E3A3887C09E0FFCD928 /* GetCollectionResponse.swift in Sources */,
				84A77F6C702B612293DCACAB /* GetRecordHandler.swift in Sources */,
				A2CAF46171F3515ED7DB0545 /* GetRecordRequest.swift in Sources */,
				F3496B6004DD6AE5DF0BA015 /* GetRecordResponse.swift in Sources */,
				46CB7C580CF072C80DC4CF0C /* GetStatisticsHandler.swift in Sources */,
				5EB1BE185477343DC7AFA67C /* GetStatisticsRequest.swift in Sources */,
				4EE5F7BDCAAEA3BAA05D5EAE /* GetStatisticsResponse.swift in Sources */,
				E0F9469E556AEB15166A1A78 /* HandlerResolver.swift in Sources */,
				715964164EC0AF1E592B6414 /* IAIVisionAccessor.swift in Sources */,
				AAA971E193A7CFE062EDAAC8 /* IDiscogsAccessor.swift in Sources */,
				FC038F7494B3325565E111F7 /* IHandler.swift in Sources */,
				2E6AD59BE1457E2B1744D775 /* IIdentificationEngine.swift in Sources */,
				25E4C285D6BBFEE2335ED249 /* IMetadataEngine.swift in Sources */,
				8E35CE055D1CF11E8E7F5A77 /* IPhotoAccessor.swift in Sources */,
				74B38E942F7C3885EA4EEA73 /* IRecordAccessor.swift in Sources */,
				7E93CC893B03D69940F1A98D /* IRecordManager.swift in Sources */,
				86CA015D33B17732AA978D6C /* IStatisticsEngine.swift in Sources */,
				190ED26B7B6F00BA66373E20 /* IStatisticsManager.swift in Sources */,
				C61EA816E7C5D870623DFA0E /* IdentificationEngine.swift in Sources */,
				E77008D3D3B213228D6D92D5 /* IdentifyRecordHandler.swift in Sources */,
				95497BA6B96DFC7DA57EFACC /* IdentifyRecordRequest.swift in Sources */,
				0F332116DF1B3ABE29C5274C /* IdentifyRecordResponse.swift in Sources */,
				084597A294F441634FEE2F6C /* ImageUtility.swift in Sources */,
				2586443676E8B1C1071990DD /* LoadAllRecordsHandler.swift in Sources */,
				526319C444A8E9C33E4C5498 /* LoadAllRecordsRequest.swift in Sources */,
				F38A03DFEE942EED3110424D /* LoadAllRecordsResponse.swift in Sources */,
				9744439274E89D0EDA8FDC05 /* LoadDiscogsReleaseHandler.swift in Sources */,
				B0B3F43541E23C614F696EDE /* LoadDiscogsReleaseRequest.swift in Sources */,
				20335675B75D3642F1A2801E /* LoadDiscogsReleaseResponse.swift in Sources */,
				49D2070E4C630FE43A1DF5D7 /* LoadPhotoHandler.swift in Sources */,
				E6891C49ACE8B007CD736CCB /* LoadPhotoRequest.swift in Sources */,
				9C1D54312596A1227ED86EB7 /* LoadPhotoResponse.swift in Sources */,
				BDDEBE4707F477D18888510E /* LoadRecordHandler.swift in Sources */,
				D018BB434853AA87FC3B8F86 /* LoadRecordRequest.swift in Sources */,
				C7FA90C915F4D70400445C29 /* LoadRecordResponse.swift in Sources */,
				E5F09E7EF9D50057D3568789 /* LogUtility.swift in Sources */,
				6FF957672AE756F19B8F7111 /* MergeMetadataHandler.swift in Sources */,
				69295B09ED2115C2961D0343 /* MergeMetadataRequest.swift in Sources */,
				E2A5EDFBE6964D4E97185FE3 /* MergeMetadataResponse.swift in Sources */,
				5075C3F763D508EEC6B11D21 /* MetadataEngine.swift in Sources */,
				E9CC576B32C7B4C29092E9C0 /* ModelContext+FetchById.swift in Sources */,
				456147B82AB527CD1728FA04 /* NetworkUtility.swift in Sources */,
				29C56A81C19611DEAD7570A0 /* ParseIdentificationHandler.swift in Sources */,
				9B9020DF9F21CECD73F4DA21 /* ParseIdentificationRequest.swift in Sources */,
				129107A22631E37C855F7C05 /* ParseIdentificationResponse.swift in Sources */,
				225EDE5E13B380AC562A77EB /* PhotoAccessor.swift in Sources */,
				AC649E8953ABF995028A00A9 /* RecordAccessor.swift in Sources */,
				95A009A54CA162435EEE2E75 /* RecordDetailView.swift in Sources */,
				17163B4272A90C4F42F6D640 /* RecordDetailViewModel.swift in Sources */,
				7C11A40616F04F338350D9EA /* RecordManager.swift in Sources */,
				532C2513D0FFD5C0A26D6CCE /* RecordPhoto.swift in Sources */,
				3FC9DF3A73A8429CF619C117 /* RecordRowView.swift in Sources */,
				5E56F30C05651A45FE85AA3C /* RemoveRecordHandler.swift in Sources */,
				DBC9752A69CB19274B70707A /* RemoveRecordRequest.swift in Sources */,
				D17792FB8544970535BC676D /* RemoveRecordResponse.swift in Sources */,
				A2CC1BFF9C7BD7A59264B5DE /* RequestBase.swift in Sources */,
				1FB4A416651B801B02AA199D /* ResponseBase.swift in Sources */,
				A41209BA335C5EF673FD0883 /* SavePhotoHandler.swift in Sources */,
				B640C38921007398260D8187 /* SavePhotoRequest.swift in Sources */,
				3E89DAFA1FB9C7F912B4D6B8 /* SavePhotoResponse.swift in Sources */,
				A136860C7D36776CA941086D /* SaveRecordHandler.swift in Sources */,
				F6171174B8836C992D94CE14 /* SaveRecordRequest.swift in Sources */,
				42D3E3C06E026E4ECE0F0635 /* SaveRecordResponse.swift in Sources */,
				D475778D3F89FB0DDD047637 /* SearchDiscogsByBarcodeHandler.swift in Sources */,
				B7453B826C99376119111F6E /* SearchDiscogsByBarcodeRequest.swift in Sources */,
				F466FA0F4C5D7725C7667BC9 /* SearchDiscogsByBarcodeResponse.swift in Sources */,
				8D74C5714B42ACD9078D473C /* SearchDiscogsHandler.swift in Sources */,
				03B3BC75024FA5240473F1BE /* SearchDiscogsRequest.swift in Sources */,
				1664B3881D2A8AA54589D299 /* SearchDiscogsResponse.swift in Sources */,
				EA7F652EBF63C8B4F25B1966 /* SearchRecordHandler.swift in Sources */,
				A4DE0E470897C3C2487054C0 /* SearchRecordRequest.swift in Sources */,
				72645F7A9752BF12CF644EB0 /* SearchRecordResponse.swift in Sources */,
				F6E87542A4345290D75352EE /* SettingsView.swift in Sources */,
				69F68682BDE61BBEC4F5741E /* StatisticsEngine.swift in Sources */,
				A2086AEBF43418FE31EB815E /* StatisticsManager.swift in Sources */,
				E1804CB4CC49D7329658DE1D /* StatisticsView.swift in Sources */,
				567DD81E208F95F4B027E728 /* StatisticsViewModel.swift in Sources */,
				79187E7B33F255773ED56BAC /* StringUtility.swift in Sources */,
				DD94565DA49DD1301DE9AB06 /* View+ErrorAlert.swift in Sources */,
				C89B7E32B21D437225CC9EBC /* VinylCollectorApp.swift in Sources */,
				F75BB27058254AA7E3979101 /* VinylRecord.swift in Sources */,
			);
			runOnlyForDeploymentPostprocessing = 0;
		};
/* End PBXSourcesBuildPhase section */

/* Begin PBXTargetDependency section */
		1EEF2397E3886B9A5A98317F /* PBXTargetDependency */ = {
			isa = PBXTargetDependency;
			target = 2D3092E583DE9439925E379A /* VinylCollector */;
			targetProxy = 511B43B1B263A6739C13E02D /* PBXContainerItemProxy */;
		};
/* End PBXTargetDependency section */

/* Begin XCBuildConfiguration section */
		3BB3B5E8CE7259B7CC93E2CC /* Release */ = {
			isa = XCBuildConfiguration;
			buildSettings = {
				BUNDLE_LOADER = "$(TEST_HOST)";
				GENERATE_INFOPLIST_FILE = YES;
				IPHONEOS_DEPLOYMENT_TARGET = 17.0;
				LD_RUNPATH_SEARCH_PATHS = (
					"$(inherited)",
					"@executable_path/Frameworks",
					"@loader_path/Frameworks",
				);
				PRODUCT_BUNDLE_IDENTIFIER = com.vinylcollector.VinylCollectorTests;
				SDKROOT = iphoneos;
				SWIFT_STRICT_CONCURRENCY = targeted;
				SWIFT_VERSION = 5.10;
				TARGETED_DEVICE_FAMILY = "1,2";
				TEST_HOST = "$(BUILT_PRODUCTS_DIR)/VinylCollector.app/VinylCollector";
			};
			name = Release;
		};
		54A81E870C790E9D5B73988E /* Debug */ = {
			isa = XCBuildConfiguration;
			buildSettings = {
				ASSETCATALOG_COMPILER_APPICON_NAME = AppIcon;
				CODE_SIGN_ENTITLEMENTS = VinylCollector/VinylCollector.entitlements;
				CODE_SIGN_IDENTITY = "iPhone Developer";
				INFOPLIST_FILE = VinylCollector/Info.plist;
				IPHONEOS_DEPLOYMENT_TARGET = 17.0;
				LD_RUNPATH_SEARCH_PATHS = (
					"$(inherited)",
					"@executable_path/Frameworks",
				);
				PRODUCT_BUNDLE_IDENTIFIER = com.jdonner.vinylcollector;
				SDKROOT = iphoneos;
				SUPPORTS_MAC_DESIGNED_FOR_IPHONE_IPAD = NO;
				TARGETED_DEVICE_FAMILY = 1;
			};
			name = Debug;
		};
		A43FF1025FF86C49711B1CFE /* Release */ = {
			isa = XCBuildConfiguration;
			buildSettings = {
				ALWAYS_SEARCH_USER_PATHS = NO;
				ASSETCATALOG_COMPILER_GENERATE_SWIFT_ASSET_SYMBOL_EXTENSIONS = YES;
				CLANG_ANALYZER_NONNULL = YES;
				CLANG_ANALYZER_NUMBER_OBJECT_CONVERSION = YES_AGGRESSIVE;
				CLANG_CXX_LANGUAGE_STANDARD = "gnu++14";
				CLANG_CXX_LIBRARY = "libc++";
				CLANG_ENABLE_MODULES = YES;
				CLANG_ENABLE_OBJC_ARC = YES;
				CLANG_ENABLE_OBJC_WEAK = YES;
				CLANG_WARN_BLOCK_CAPTURE_AUTORELEASING = YES;
				CLANG_WARN_BOOL_CONVERSION = YES;
				CLANG_WARN_COMMA = YES;
				CLANG_WARN_CONSTANT_CONVERSION = YES;
				CLANG_WARN_DEPRECATED_OBJC_IMPLEMENTATIONS = YES;
				CLANG_WARN_DIRECT_OBJC_ISA_USAGE = YES_ERROR;
				CLANG_WARN_DOCUMENTATION_COMMENTS = YES;
				CLANG_WARN_EMPTY_BODY = YES;
				CLANG_WARN_ENUM_CONVERSION = YES;
				CLANG_WARN_INFINITE_RECURSION = YES;
				CLANG_WARN_INT_CONVERSION = YES;
				CLANG_WARN_NON_LITERAL_NULL_CONVERSION = YES;
				CLANG_WARN_OBJC_IMPLICIT_RETAIN_SELF = YES;
				CLANG_WARN_OBJC_LITERAL_CONVERSION = YES;
				CLANG_WARN_OBJC_ROOT_CLASS = YES_ERROR;
				CLANG_WARN_QUOTED_INCLUDE_IN_FRAMEWORK_HEADER = YES;
				CLANG_WARN_RANGE_LOOP_ANALYSIS = YES;
				CLANG_WARN_STRICT_PROTOTYPES = YES;
				CLANG_WARN_SUSPICIOUS_MOVE = YES;
				CLANG_WARN_UNGUARDED_AVAILABILITY = YES_AGGRESSIVE;
				CLANG_WARN_UNREACHABLE_CODE = YES;
				CLANG_WARN__DUPLICATE_METHOD_MATCH = YES;
				COPY_PHASE_STRIP = NO;
				DEBUG_INFORMATION_FORMAT = "dwarf-with-dsym";
				DEVELOPMENT_TEAM = 9C5WLPGP58;
				ENABLE_HARDENED_RUNTIME = YES;
				ENABLE_NS_ASSERTIONS = NO;
				ENABLE_STRICT_OBJC_MSGSEND = YES;
				ENABLE_USER_SCRIPT_SANDBOXING = YES;
				GCC_C_LANGUAGE_STANDARD = gnu11;
				GCC_NO_COMMON_BLOCKS = YES;
				GCC_WARN_64_TO_32_BIT_CONVERSION = YES;
				GCC_WARN_ABOUT_RETURN_TYPE = YES_ERROR;
				GCC_WARN_UNDECLARED_SELECTOR = YES;
				GCC_WARN_UNINITIALIZED_AUTOS = YES_AGGRESSIVE;
				GCC_WARN_UNUSED_FUNCTION = YES;
				GCC_WARN_UNUSED_VARIABLE = YES;
				IPHONEOS_DEPLOYMENT_TARGET = 17.0;
				MTL_ENABLE_DEBUG_INFO = NO;
				MTL_FAST_MATH = YES;
				PRODUCT_NAME = "$(TARGET_NAME)";
				SDKROOT = iphoneos;
				STRING_CATALOG_GENERATE_SYMBOLS = YES;
				SWIFT_COMPILATION_MODE = wholemodule;
				SWIFT_OPTIMIZATION_LEVEL = "-O";
				SWIFT_STRICT_CONCURRENCY = targeted;
				SWIFT_VERSION = 5.10;
			};
			name = Release;
		};
		B1427500F621D4316587DA0A /* Debug */ = {
			isa = XCBuildConfiguration;
			buildSettings = {
				ALWAYS_SEARCH_USER_PATHS = NO;
				ASSETCATALOG_COMPILER_GENERATE_SWIFT_ASSET_SYMBOL_EXTENSIONS = YES;
				CLANG_ANALYZER_NONNULL = YES;
				CLANG_ANALYZER_NUMBER_OBJECT_CONVERSION = YES_AGGRESSIVE;
				CLANG_CXX_LANGUAGE_STANDARD = "gnu++14";
				CLANG_CXX_LIBRARY = "libc++";
				CLANG_ENABLE_MODULES = YES;
				CLANG_ENABLE_OBJC_ARC = YES;
				CLANG_ENABLE_OBJC_WEAK = YES;
				CLANG_WARN_BLOCK_CAPTURE_AUTORELEASING = YES;
				CLANG_WARN_BOOL_CONVERSION = YES;
				CLANG_WARN_COMMA = YES;
				CLANG_WARN_CONSTANT_CONVERSION = YES;
				CLANG_WARN_DEPRECATED_OBJC_IMPLEMENTATIONS = YES;
				CLANG_WARN_DIRECT_OBJC_ISA_USAGE = YES_ERROR;
				CLANG_WARN_DOCUMENTATION_COMMENTS = YES;
				CLANG_WARN_EMPTY_BODY = YES;
				CLANG_WARN_ENUM_CONVERSION = YES;
				CLANG_WARN_INFINITE_RECURSION = YES;
				CLANG_WARN_INT_CONVERSION = YES;
				CLANG_WARN_NON_LITERAL_NULL_CONVERSION = YES;
				CLANG_WARN_OBJC_IMPLICIT_RETAIN_SELF = YES;
				CLANG_WARN_OBJC_LITERAL_CONVERSION = YES;
				CLANG_WARN_OBJC_ROOT_CLASS = YES_ERROR;
				CLANG_WARN_QUOTED_INCLUDE_IN_FRAMEWORK_HEADER = YES;
				CLANG_WARN_RANGE_LOOP_ANALYSIS = YES;
				CLANG_WARN_STRICT_PROTOTYPES = YES;
				CLANG_WARN_SUSPICIOUS_MOVE = YES;
				CLANG_WARN_UNGUARDED_AVAILABILITY = YES_AGGRESSIVE;
				CLANG_WARN_UNREACHABLE_CODE = YES;
				CLANG_WARN__DUPLICATE_METHOD_MATCH = YES;
				COPY_PHASE_STRIP = NO;
				DEBUG_INFORMATION_FORMAT = dwarf;
				DEVELOPMENT_TEAM = 9C5WLPGP58;
				ENABLE_HARDENED_RUNTIME = YES;
				ENABLE_STRICT_OBJC_MSGSEND = YES;
				ENABLE_TESTABILITY = YES;
				ENABLE_USER_SCRIPT_SANDBOXING = YES;
				GCC_C_LANGUAGE_STANDARD = gnu11;
				GCC_DYNAMIC_NO_PIC = NO;
				GCC_NO_COMMON_BLOCKS = YES;
				GCC_OPTIMIZATION_LEVEL = 0;
				GCC_PREPROCESSOR_DEFINITIONS = (
					"$(inherited)",
					"DEBUG=1",
				);
				GCC_WARN_64_TO_32_BIT_CONVERSION = YES;
				GCC_WARN_ABOUT_RETURN_TYPE = YES_ERROR;
				GCC_WARN_UNDECLARED_SELECTOR = YES;
				GCC_WARN_UNINITIALIZED_AUTOS = YES_AGGRESSIVE;
				GCC_WARN_UNUSED_FUNCTION = YES;
				GCC_WARN_UNUSED_VARIABLE = YES;
				IPHONEOS_DEPLOYMENT_TARGET = 17.0;
				MTL_ENABLE_DEBUG_INFO = INCLUDE_SOURCE;
				MTL_FAST_MATH = YES;
				ONLY_ACTIVE_ARCH = YES;
				PRODUCT_NAME = "$(TARGET_NAME)";
				SDKROOT = iphoneos;
				STRING_CATALOG_GENERATE_SYMBOLS = YES;
				SWIFT_ACTIVE_COMPILATION_CONDITIONS = DEBUG;
				SWIFT_OPTIMIZATION_LEVEL = "-Onone";
				SWIFT_STRICT_CONCURRENCY = targeted;
				SWIFT_VERSION = 5.10;
			};
			name = Debug;
		};
		D9AA5456ABE4F86214997EDA /* Debug */ = {
			isa = XCBuildConfiguration;
			buildSettings = {
				BUNDLE_LOADER = "$(TEST_HOST)";
				GENERATE_INFOPLIST_FILE = YES;
				IPHONEOS_DEPLOYMENT_TARGET = 17.0;
				LD_RUNPATH_SEARCH_PATHS = (
					"$(inherited)",
					"@executable_path/Frameworks",
					"@loader_path/Frameworks",
				);
				PRODUCT_BUNDLE_IDENTIFIER = com.vinylcollector.VinylCollectorTests;
				SDKROOT = iphoneos;
				SWIFT_STRICT_CONCURRENCY = targeted;
				SWIFT_VERSION = 5.10;
				TARGETED_DEVICE_FAMILY = "1,2";
				TEST_HOST = "$(BUILT_PRODUCTS_DIR)/VinylCollector.app/VinylCollector";
			};
			name = Debug;
		};
		FA31280F61E617BA8BD7EB00 /* Release */ = {
			isa = XCBuildConfiguration;
			buildSettings = {
				ASSETCATALOG_COMPILER_APPICON_NAME = AppIcon;
				CODE_SIGN_ENTITLEMENTS = VinylCollector/VinylCollector.entitlements;
				CODE_SIGN_IDENTITY = "iPhone Developer";
				INFOPLIST_FILE = VinylCollector/Info.plist;
				IPHONEOS_DEPLOYMENT_TARGET = 17.0;
				LD_RUNPATH_SEARCH_PATHS = (
					"$(inherited)",
					"@executable_path/Frameworks",
				);
				PRODUCT_BUNDLE_IDENTIFIER = com.jdonner.vinylcollector;
				SDKROOT = iphoneos;
				SUPPORTS_MAC_DESIGNED_FOR_IPHONE_IPAD = NO;
				TARGETED_DEVICE_FAMILY = 1;
			};
			name = Release;
		};
/* End XCBuildConfiguration section */

/* Begin XCConfigurationList section */
		1987AECBCDCDEB718855FED3 /* Build configuration list for PBXNativeTarget "VinylCollector" */ = {
			isa = XCConfigurationList;
			buildConfigurations = (
				54A81E870C790E9D5B73988E /* Debug */,
				FA31280F61E617BA8BD7EB00 /* Release */,
			);
			defaultConfigurationIsVisible = 0;
			defaultConfigurationName = Debug;
		};
		C6CFE75D34D743047544FA5D /* Build configuration list for PBXProject "VinylCollector" */ = {
			isa = XCConfigurationList;
			buildConfigurations = (
				B1427500F621D4316587DA0A /* Debug */,
				A43FF1025FF86C49711B1CFE /* Release */,
			);
			defaultConfigurationIsVisible = 0;
			defaultConfigurationName = Debug;
		};
		FF56B70B5A135753B32DD893 /* Build configuration list for PBXNativeTarget "VinylCollectorTests" */ = {
			isa = XCConfigurationList;
			buildConfigurations = (
				D9AA5456ABE4F86214997EDA /* Debug */,
				3BB3B5E8CE7259B7CC93E2CC /* Release */,
			);
			defaultConfigurationIsVisible = 0;
			defaultConfigurationName = Debug;
		};
/* End XCConfigurationList section */
	};
	rootObject = 0BB8522056B79DF67E275B3C /* Project object */;
}
